
Microsoft Visual Studio Solution File, Format Version 12.00
# Visual Studio Version 16
VisualStudioVersion = 25.0.1704.1
MinimumVisualStudioVersion = 10.0.40219.1
Project("{FAE04EC0-301F-11D3-BF4B-00C04F79EFBC}") = "10.Formula1Drivers", "10.Formula1Drivers.csproj", "{9511CC09-D7D2-49E2-8FF4-043C085B053A}"
EndProject
Global
	GlobalSection(SolutionConfigurationPlatforms) = preSolution
		Debug|Any CPU = Debug|Any CPU
		Release|Any CPU = Release|Any CPU
	EndGlobalSection
	GlobalSection(ProjectConfigurationPlatforms) = postSolution
		{9511CC09-D7D2-49E2-8FF4-043C085B053A}.Debug|Any CPU.ActiveCfg = Debug|Any CPU
		{9511CC09-D7D2-49E2-8FF4-043C085B053A}.Debug|Any CPU.Build.0 = Debug|Any CPU
		{9511CC09-D7D2-49E2-8FF4-043C085B053A}.Release|Any CPU.ActiveCfg = Release|Any CPU
		{9511CC09-D7D2-49E2-8FF4-043C085B053A}.Release|Any CPU.Build.0 = Release|Any CPU
	EndGlobalSection
	GlobalSection(SolutionProperties) = preSolution
		HideSolutionNode = FALSE
	EndGlobalSection
	GlobalSection(ExtensibilityGlobals) = postSolution
		SolutionGuid = {05FC1150-7727-4087-942E-76952D7E7D9C}
	EndGlobalSection
EndGlobal
