
Microsoft Visual Studio Solution File, Format Version 12.00
# Visual Studio Version 16
VisualStudioVersion = 16.0.30523.141
MinimumVisualStudioVersion = 10.0.40219.1
Project("{FAE04EC0-301F-11D3-BF4B-00C04F79EFBC}") = "RecursiveArraySum", "RecursiveArraySum\RecursiveArraySum.csproj", "{9409503F-845A-4167-B2AD-A01CEB2AE351}"
EndProject
Project("{FAE04EC0-301F-11D3-BF4B-00C04F79EFBC}") = "ReverseArray", "ReverseArray\ReverseArray.csproj", "{6671243E-755D-4AB5-B697-6B9CE115AC56}"
EndProject
Project("{FAE04EC0-301F-11D3-BF4B-00C04F79EFBC}") = "RecursiveFactorial", "RecursiveFactorial\RecursiveFactorial.csproj", "{39B9D864-99BF-4162-A9EA-40E285416B0A}"
EndProject
Project("{FAE04EC0-301F-11D3-BF4B-00C04F79EFBC}") = "RecursiveDrawing", "RecursiveDrawing\RecursiveDrawing.csproj", "{9D96899B-78D1-42CE-AA9B-A05565209473}"
EndProject
Project("{FAE04EC0-301F-11D3-BF4B-00C04F79EFBC}") = "NestedLoopsToRecursion", "NestedLoopsToRecursion\NestedLoopsToRecursion.csproj", "{4F576463-4F77-4AFE-9497-646AD01069CF}"
EndProject
Global
	GlobalSection(SolutionConfigurationPlatforms) = preSolution
		Debug|Any CPU = Debug|Any CPU
		Release|Any CPU = Release|Any CPU
	EndGlobalSection
	GlobalSection(ProjectConfigurationPlatforms) = postSolution
		{9409503F-845A-4167-B2AD-A01CEB2AE351}.Debug|Any CPU.ActiveCfg = Debug|Any CPU
		{9409503F-845A-4167-B2AD-A01CEB2AE351}.Debug|Any CPU.Build.0 = Debug|Any CPU
		{9409503F-845A-4167-B2AD-A01CEB2AE351}.Release|Any CPU.ActiveCfg = Release|Any CPU
		{9409503F-845A-4167-B2AD-A01CEB2AE351}.Release|Any CPU.Build.0 = Release|Any CPU
		{6671243E-755D-4AB5-B697-6B9CE115AC56}.Debug|Any CPU.ActiveCfg = Debug|Any CPU
		{6671243E-755D-4AB5-B697-6B9CE115AC56}.Debug|Any CPU.Build.0 = Debug|Any CPU
		{6671243E-755D-4AB5-B697-6B9CE115AC56}.Release|Any CPU.ActiveCfg = Release|Any CPU
		{6671243E-755D-4AB5-B697-6B9CE115AC56}.Release|Any CPU.Build.0 = Release|Any CPU
		{39B9D864-99BF-4162-A9EA-40E285416B0A}.Debug|Any CPU.ActiveCfg = Debug|Any CPU
		{39B9D864-99BF-4162-A9EA-40E285416B0A}.Debug|Any CPU.Build.0 = Debug|Any CPU
		{39B9D864-99BF-4162-A9EA-40E285416B0A}.Release|Any CPU.ActiveCfg = Release|Any CPU
		{39B9D864-99BF-4162-A9EA-40E285416B0A}.Release|Any CPU.Build.0 = Release|Any CPU
		{9D96899B-78D1-42CE-AA9B-A05565209473}.Debug|Any CPU.ActiveCfg = Debug|Any CPU
		{9D96899B-78D1-42CE-AA9B-A05565209473}.Debug|Any CPU.Build.0 = Debug|Any CPU
		{9D96899B-78D1-42CE-AA9B-A05565209473}.Release|Any CPU.ActiveCfg = Release|Any CPU
		{9D96899B-78D1-42CE-AA9B-A05565209473}.Release|Any CPU.Build.0 = Release|Any CPU
		{4F576463-4F77-4AFE-9497-646AD01069CF}.Debug|Any CPU.ActiveCfg = Debug|Any CPU
		{4F576463-4F77-4AFE-9497-646AD01069CF}.Debug|Any CPU.Build.0 = Debug|Any CPU
		{4F576463-4F77-4AFE-9497-646AD01069CF}.Release|Any CPU.ActiveCfg = Release|Any CPU
		{4F576463-4F77-4AFE-9497-646AD01069CF}.Release|Any CPU.Build.0 = Release|Any CPU
	EndGlobalSection
	GlobalSection(SolutionProperties) = preSolution
		HideSolutionNode = FALSE
	EndGlobalSection
	GlobalSection(ExtensibilityGlobals) = postSolution
		SolutionGuid = {3B9B69EA-6434-4893-BED3-E94AB6146653}
	EndGlobalSection
EndGlobal
