
Microsoft Visual Studio Solution File, Format Version 12.00
# Visual Studio Version 16
VisualStudioVersion = 16.0.31019.35
MinimumVisualStudioVersion = 10.0.40219.1
Project("{FAE04EC0-301F-11D3-BF4B-00C04F79EFBC}") = "SomethingInCommon", "SomethingInCommon\SomethingInCommon.csproj", "{66BD1781-F7B3-4EE1-B23D-EB82751477A4}"
EndProject
Project("{FAE04EC0-301F-11D3-BF4B-00C04F79EFBC}") = "EverythingInCommon", "EverythingInCommon\EverythingInCommon.csproj", "{09E6F684-00F9-408B-9133-5832C17BEE68}"
EndProject
Project("{FAE04EC0-301F-11D3-BF4B-00C04F79EFBC}") = "NothingInCommon", "NothingInCommon\NothingInCommon.csproj", "{28351DB1-50F0-4E04-8727-1A0499226DBB}"
EndProject
Global
	GlobalSection(SolutionConfigurationPlatforms) = preSolution
		Debug|Any CPU = Debug|Any CPU
		Release|Any CPU = Release|Any CPU
	EndGlobalSection
	GlobalSection(ProjectConfigurationPlatforms) = postSolution
		{66BD1781-F7B3-4EE1-B23D-EB82751477A4}.Debug|Any CPU.ActiveCfg = Debug|Any CPU
		{66BD1781-F7B3-4EE1-B23D-EB82751477A4}.Debug|Any CPU.Build.0 = Debug|Any CPU
		{66BD1781-F7B3-4EE1-B23D-EB82751477A4}.Release|Any CPU.ActiveCfg = Release|Any CPU
		{66BD1781-F7B3-4EE1-B23D-EB82751477A4}.Release|Any CPU.Build.0 = Release|Any CPU
		{09E6F684-00F9-408B-9133-5832C17BEE68}.Debug|Any CPU.ActiveCfg = Debug|Any CPU
		{09E6F684-00F9-408B-9133-5832C17BEE68}.Debug|Any CPU.Build.0 = Debug|Any CPU
		{09E6F684-00F9-408B-9133-5832C17BEE68}.Release|Any CPU.ActiveCfg = Release|Any CPU
		{09E6F684-00F9-408B-9133-5832C17BEE68}.Release|Any CPU.Build.0 = Release|Any CPU
		{28351DB1-50F0-4E04-8727-1A0499226DBB}.Debug|Any CPU.ActiveCfg = Debug|Any CPU
		{28351DB1-50F0-4E04-8727-1A0499226DBB}.Debug|Any CPU.Build.0 = Debug|Any CPU
		{28351DB1-50F0-4E04-8727-1A0499226DBB}.Release|Any CPU.ActiveCfg = Release|Any CPU
		{28351DB1-50F0-4E04-8727-1A0499226DBB}.Release|Any CPU.Build.0 = Release|Any CPU
	EndGlobalSection
	GlobalSection(SolutionProperties) = preSolution
		HideSolutionNode = FALSE
	EndGlobalSection
	GlobalSection(ExtensibilityGlobals) = postSolution
		SolutionGuid = {7D82F599-8843-4966-AFD3-34A90580B686}
	EndGlobalSection
EndGlobal
