
Microsoft Visual Studio Solution File, Format Version 12.00
# Visual Studio Version 16
VisualStudioVersion = 16.0.30804.86
MinimumVisualStudioVersion = 10.0.40219.1
Project("{FAE04EC0-301F-11D3-BF4B-00C04F79EFBC}") = "StoreDB", "StoreDB\StoreDB.csproj", "{D1A69036-4721-4D73-9135-1E671FD0CF9F}"
EndProject
Project("{9A19103F-16F7-4668-BE54-9A1E7A4F7556}") = "SoftUni", "D:\School-Courses\Courses\Applied-Programmer\Software-Technologies-Back-End\05.ORM-and-Entity-Framework\Solutions\05. ORM-and-Entity-Framework-Lab\SoftUni\SoftUni.csproj", "{7A842BE9-708E-4730-AA8B-949620EF88E2}"
EndProject
Global
	GlobalSection(SolutionConfigurationPlatforms) = preSolution
		Debug|Any CPU = Debug|Any CPU
		Release|Any CPU = Release|Any CPU
	EndGlobalSection
	GlobalSection(ProjectConfigurationPlatforms) = postSolution
		{D1A69036-4721-4D73-9135-1E671FD0CF9F}.Debug|Any CPU.ActiveCfg = Debug|Any CPU
		{D1A69036-4721-4D73-9135-1E671FD0CF9F}.Debug|Any CPU.Build.0 = Debug|Any CPU
		{D1A69036-4721-4D73-9135-1E671FD0CF9F}.Release|Any CPU.ActiveCfg = Release|Any CPU
		{D1A69036-4721-4D73-9135-1E671FD0CF9F}.Release|Any CPU.Build.0 = Release|Any CPU
		{7A842BE9-708E-4730-AA8B-949620EF88E2}.Debug|Any CPU.ActiveCfg = Debug|Any CPU
		{7A842BE9-708E-4730-AA8B-949620EF88E2}.Debug|Any CPU.Build.0 = Debug|Any CPU
		{7A842BE9-708E-4730-AA8B-949620EF88E2}.Release|Any CPU.ActiveCfg = Release|Any CPU
		{7A842BE9-708E-4730-AA8B-949620EF88E2}.Release|Any CPU.Build.0 = Release|Any CPU
	EndGlobalSection
	GlobalSection(SolutionProperties) = preSolution
		HideSolutionNode = FALSE
	EndGlobalSection
	GlobalSection(ExtensibilityGlobals) = postSolution
		SolutionGuid = {266D18E5-EBF6-46D1-8B04-D1F5CB417706}
	EndGlobalSection
EndGlobal
