
Microsoft Visual Studio Solution File, Format Version 12.00
# Visual Studio Version 16
VisualStudioVersion = 16.0.29509.3
MinimumVisualStudioVersion = 10.0.40219.1
Project("{9A19103F-16F7-4668-BE54-9A1E7A4F7556}") = "Championship", "Championship\Championship.csproj", "{117441EC-A8F1-4949-B7E2-5BD9C9FC24F5}"
EndProject
Project("{9A19103F-16F7-4668-BE54-9A1E7A4F7556}") = "RunningGear", "RunningGear\RunningGear.csproj", "{C317FA8C-F1DF-40BE-8E90-1DDECAD7FB0B}"
EndProject
Project("{FAE04EC0-301F-11D3-BF4B-00C04F79EFBC}") = "Treasures", "Treasures\Treasures.csproj", "{915DA3C1-7C60-4AF4-BCC3-463AB966A704}"
EndProject
Global
	GlobalSection(SolutionConfigurationPlatforms) = preSolution
		Debug|Any CPU = Debug|Any CPU
		Release|Any CPU = Release|Any CPU
	EndGlobalSection
	GlobalSection(ProjectConfigurationPlatforms) = postSolution
		{117441EC-A8F1-4949-B7E2-5BD9C9FC24F5}.Debug|Any CPU.ActiveCfg = Debug|Any CPU
		{117441EC-A8F1-4949-B7E2-5BD9C9FC24F5}.Debug|Any CPU.Build.0 = Debug|Any CPU
		{117441EC-A8F1-4949-B7E2-5BD9C9FC24F5}.Release|Any CPU.ActiveCfg = Release|Any CPU
		{117441EC-A8F1-4949-B7E2-5BD9C9FC24F5}.Release|Any CPU.Build.0 = Release|Any CPU
		{C317FA8C-F1DF-40BE-8E90-1DDECAD7FB0B}.Debug|Any CPU.ActiveCfg = Debug|Any CPU
		{C317FA8C-F1DF-40BE-8E90-1DDECAD7FB0B}.Debug|Any CPU.Build.0 = Debug|Any CPU
		{C317FA8C-F1DF-40BE-8E90-1DDECAD7FB0B}.Release|Any CPU.ActiveCfg = Release|Any CPU
		{C317FA8C-F1DF-40BE-8E90-1DDECAD7FB0B}.Release|Any CPU.Build.0 = Release|Any CPU
		{915DA3C1-7C60-4AF4-BCC3-463AB966A704}.Debug|Any CPU.ActiveCfg = Debug|Any CPU
		{915DA3C1-7C60-4AF4-BCC3-463AB966A704}.Debug|Any CPU.Build.0 = Debug|Any CPU
		{915DA3C1-7C60-4AF4-BCC3-463AB966A704}.Release|Any CPU.ActiveCfg = Release|Any CPU
		{915DA3C1-7C60-4AF4-BCC3-463AB966A704}.Release|Any CPU.Build.0 = Release|Any CPU
	EndGlobalSection
	GlobalSection(SolutionProperties) = preSolution
		HideSolutionNode = FALSE
	EndGlobalSection
	GlobalSection(ExtensibilityGlobals) = postSolution
		SolutionGuid = {F5E1748C-CA30-430F-8649-A113B54C1170}
	EndGlobalSection
EndGlobal
