
Microsoft Visual Studio Solution File, Format Version 12.00
# Visual Studio Version 16
VisualStudioVersion = 25.0.1704.1
MinimumVisualStudioVersion = 10.0.40219.1
Project("{FAE04EC0-301F-11D3-BF4B-00C04F79EFBC}") = "05.SpecialCars", "05.SpecialCars.csproj", "{6B6EDC64-E17B-452E-BCF3-9B6160BC3A5E}"
EndProject
Global
	GlobalSection(SolutionConfigurationPlatforms) = preSolution
		Debug|Any CPU = Debug|Any CPU
		Release|Any CPU = Release|Any CPU
	EndGlobalSection
	GlobalSection(ProjectConfigurationPlatforms) = postSolution
		{6B6EDC64-E17B-452E-BCF3-9B6160BC3A5E}.Debug|Any CPU.ActiveCfg = Debug|Any CPU
		{6B6EDC64-E17B-452E-BCF3-9B6160BC3A5E}.Debug|Any CPU.Build.0 = Debug|Any CPU
		{6B6EDC64-E17B-452E-BCF3-9B6160BC3A5E}.Release|Any CPU.ActiveCfg = Release|Any CPU
		{6B6EDC64-E17B-452E-BCF3-9B6160BC3A5E}.Release|Any CPU.Build.0 = Release|Any CPU
	EndGlobalSection
	GlobalSection(SolutionProperties) = preSolution
		HideSolutionNode = FALSE
	EndGlobalSection
	GlobalSection(ExtensibilityGlobals) = postSolution
		SolutionGuid = {C2D52386-3474-4F18-958E-05FEC73BB5DE}
	EndGlobalSection
EndGlobal
