
Microsoft Visual Studio Solution File, Format Version 12.00
# Visual Studio Version 16
VisualStudioVersion = 16.0.30907.101
MinimumVisualStudioVersion = 10.0.40219.1
Project("{9A19103F-16F7-4668-BE54-9A1E7A4F7556}") = "Nearest-Exit", "Nearest-Exit\Nearest-Exit.csproj", "{74238F55-1044-4B6B-9625-B8FC3F856447}"
EndProject
Project("{9A19103F-16F7-4668-BE54-9A1E7A4F7556}") = "Find-File", "Find-File\Find-File.csproj", "{D71D2582-26D2-43EA-B1E7-E463E4B6847B}"
EndProject
Project("{FAE04EC0-301F-11D3-BF4B-00C04F79EFBC}") = "Connected-Area", "Connected-Area\Connected-Area.csproj", "{0B165ECC-C4F6-4049-9BDA-A01369E8DF99}"
EndProject
Global
	GlobalSection(SolutionConfigurationPlatforms) = preSolution
		Debug|Any CPU = Debug|Any CPU
		Release|Any CPU = Release|Any CPU
	EndGlobalSection
	GlobalSection(ProjectConfigurationPlatforms) = postSolution
		{74238F55-1044-4B6B-9625-B8FC3F856447}.Debug|Any CPU.ActiveCfg = Debug|Any CPU
		{74238F55-1044-4B6B-9625-B8FC3F856447}.Debug|Any CPU.Build.0 = Debug|Any CPU
		{74238F55-1044-4B6B-9625-B8FC3F856447}.Release|Any CPU.ActiveCfg = Release|Any CPU
		{74238F55-1044-4B6B-9625-B8FC3F856447}.Release|Any CPU.Build.0 = Release|Any CPU
		{D71D2582-26D2-43EA-B1E7-E463E4B6847B}.Debug|Any CPU.ActiveCfg = Debug|Any CPU
		{D71D2582-26D2-43EA-B1E7-E463E4B6847B}.Debug|Any CPU.Build.0 = Debug|Any CPU
		{D71D2582-26D2-43EA-B1E7-E463E4B6847B}.Release|Any CPU.ActiveCfg = Release|Any CPU
		{D71D2582-26D2-43EA-B1E7-E463E4B6847B}.Release|Any CPU.Build.0 = Release|Any CPU
		{0B165ECC-C4F6-4049-9BDA-A01369E8DF99}.Debug|Any CPU.ActiveCfg = Debug|Any CPU
		{0B165ECC-C4F6-4049-9BDA-A01369E8DF99}.Debug|Any CPU.Build.0 = Debug|Any CPU
		{0B165ECC-C4F6-4049-9BDA-A01369E8DF99}.Release|Any CPU.ActiveCfg = Release|Any CPU
		{0B165ECC-C4F6-4049-9BDA-A01369E8DF99}.Release|Any CPU.Build.0 = Release|Any CPU
	EndGlobalSection
	GlobalSection(SolutionProperties) = preSolution
		HideSolutionNode = FALSE
	EndGlobalSection
	GlobalSection(ExtensibilityGlobals) = postSolution
		SolutionGuid = {5B33CB2A-148F-4C71-8E62-4390D8AF4B91}
	EndGlobalSection
EndGlobal
