
Microsoft Visual Studio Solution File, Format Version 12.00
# Visual Studio Version 16
VisualStudioVersion = 16.0.29509.3
MinimumVisualStudioVersion = 10.0.40219.1
Project("{FAE04EC0-301F-11D3-BF4B-00C04F79EFBC}") = "01. Reverse Strings", "01. Reverse Strings\01. Reverse Strings.csproj", "{37C4F196-6F59-407F-834D-E682FB217B9B}"
EndProject
Project("{FAE04EC0-301F-11D3-BF4B-00C04F79EFBC}") = "02. Repeat Strings", "02. Repeat Strings\02. Repeat Strings.csproj", "{60756F3A-2DCD-4218-9E39-BA6FFF668077}"
EndProject
Project("{FAE04EC0-301F-11D3-BF4B-00C04F79EFBC}") = "03. Substring", "03. Substring\03. Substring.csproj", "{6855FD37-C90A-4C94-BDB4-B6788EC0E5BD}"
EndProject
Project("{FAE04EC0-301F-11D3-BF4B-00C04F79EFBC}") = "04. Text Filter", "04. Text Filter\04. Text Filter.csproj", "{FC897C68-9F4E-4F70-B227-3F0685842BEB}"
EndProject
Project("{FAE04EC0-301F-11D3-BF4B-00C04F79EFBC}") = "05. Digits, Letters and Other", "05. Digits, Letters and Other\05. Digits, Letters and Other.csproj", "{32C8092C-DA60-4860-9CC4-2758B0BE0363}"
EndProject
Global
	GlobalSection(SolutionConfigurationPlatforms) = preSolution
		Debug|Any CPU = Debug|Any CPU
		Release|Any CPU = Release|Any CPU
	EndGlobalSection
	GlobalSection(ProjectConfigurationPlatforms) = postSolution
		{37C4F196-6F59-407F-834D-E682FB217B9B}.Debug|Any CPU.ActiveCfg = Debug|Any CPU
		{37C4F196-6F59-407F-834D-E682FB217B9B}.Debug|Any CPU.Build.0 = Debug|Any CPU
		{37C4F196-6F59-407F-834D-E682FB217B9B}.Release|Any CPU.ActiveCfg = Release|Any CPU
		{37C4F196-6F59-407F-834D-E682FB217B9B}.Release|Any CPU.Build.0 = Release|Any CPU
		{60756F3A-2DCD-4218-9E39-BA6FFF668077}.Debug|Any CPU.ActiveCfg = Debug|Any CPU
		{60756F3A-2DCD-4218-9E39-BA6FFF668077}.Debug|Any CPU.Build.0 = Debug|Any CPU
		{60756F3A-2DCD-4218-9E39-BA6FFF668077}.Release|Any CPU.ActiveCfg = Release|Any CPU
		{60756F3A-2DCD-4218-9E39-BA6FFF668077}.Release|Any CPU.Build.0 = Release|Any CPU
		{6855FD37-C90A-4C94-BDB4-B6788EC0E5BD}.Debug|Any CPU.ActiveCfg = Debug|Any CPU
		{6855FD37-C90A-4C94-BDB4-B6788EC0E5BD}.Debug|Any CPU.Build.0 = Debug|Any CPU
		{6855FD37-C90A-4C94-BDB4-B6788EC0E5BD}.Release|Any CPU.ActiveCfg = Release|Any CPU
		{6855FD37-C90A-4C94-BDB4-B6788EC0E5BD}.Release|Any CPU.Build.0 = Release|Any CPU
		{FC897C68-9F4E-4F70-B227-3F0685842BEB}.Debug|Any CPU.ActiveCfg = Debug|Any CPU
		{FC897C68-9F4E-4F70-B227-3F0685842BEB}.Debug|Any CPU.Build.0 = Debug|Any CPU
		{FC897C68-9F4E-4F70-B227-3F0685842BEB}.Release|Any CPU.ActiveCfg = Release|Any CPU
		{FC897C68-9F4E-4F70-B227-3F0685842BEB}.Release|Any CPU.Build.0 = Release|Any CPU
		{32C8092C-DA60-4860-9CC4-2758B0BE0363}.Debug|Any CPU.ActiveCfg = Debug|Any CPU
		{32C8092C-DA60-4860-9CC4-2758B0BE0363}.Debug|Any CPU.Build.0 = Debug|Any CPU
		{32C8092C-DA60-4860-9CC4-2758B0BE0363}.Release|Any CPU.ActiveCfg = Release|Any CPU
		{32C8092C-DA60-4860-9CC4-2758B0BE0363}.Release|Any CPU.Build.0 = Release|Any CPU
	EndGlobalSection
	GlobalSection(SolutionProperties) = preSolution
		HideSolutionNode = FALSE
	EndGlobalSection
	GlobalSection(ExtensibilityGlobals) = postSolution
		SolutionGuid = {D7D6467E-CE90-4BB9-9F3C-5B14339CF6CD}
	EndGlobalSection
EndGlobal
