
Microsoft Visual Studio Solution File, Format Version 12.00
# Visual Studio Version 16
VisualStudioVersion = 16.0.31019.35
MinimumVisualStudioVersion = 10.0.40219.1
Project("{FAE04EC0-301F-11D3-BF4B-00C04F79EFBC}") = "P01_StudentSystem", "P01_StudentSystem\P01_StudentSystem.csproj", "{C68C0767-8119-4056-B4CB-776C7EBE58C2}"
EndProject
Global
	GlobalSection(SolutionConfigurationPlatforms) = preSolution
		Debug|Any CPU = Debug|Any CPU
		Release|Any CPU = Release|Any CPU
	EndGlobalSection
	GlobalSection(ProjectConfigurationPlatforms) = postSolution
		{C68C0767-8119-4056-B4CB-776C7EBE58C2}.Debug|Any CPU.ActiveCfg = Debug|Any CPU
		{C68C0767-8119-4056-B4CB-776C7EBE58C2}.Debug|Any CPU.Build.0 = Debug|Any CPU
		{C68C0767-8119-4056-B4CB-776C7EBE58C2}.Release|Any CPU.ActiveCfg = Release|Any CPU
		{C68C0767-8119-4056-B4CB-776C7EBE58C2}.Release|Any CPU.Build.0 = Release|Any CPU
	EndGlobalSection
	GlobalSection(SolutionProperties) = preSolution
		HideSolutionNode = FALSE
	EndGlobalSection
	GlobalSection(ExtensibilityGlobals) = postSolution
		SolutionGuid = {7DBDE90F-2626-4520-827C-B70C6FB58540}
	EndGlobalSection
EndGlobal
