
Microsoft Visual Studio Solution File, Format Version 12.00
# Visual Studio Version 16
VisualStudioVersion = 16.0.30804.86
MinimumVisualStudioVersion = 10.0.40219.1
Project("{9A19103F-16F7-4668-BE54-9A1E7A4F7556}") = "IteratorsandComparators", "IteratorsandComparators.csproj", "{D2E91F42-BBA9-4535-84CD-E86DDFEAE586}"
EndProject
Global
	GlobalSection(SolutionConfigurationPlatforms) = preSolution
		Debug|Any CPU = Debug|Any CPU
		Release|Any CPU = Release|Any CPU
	EndGlobalSection
	GlobalSection(ProjectConfigurationPlatforms) = postSolution
		{D2E91F42-BBA9-4535-84CD-E86DDFEAE586}.Debug|Any CPU.ActiveCfg = Debug|Any CPU
		{D2E91F42-BBA9-4535-84CD-E86DDFEAE586}.Debug|Any CPU.Build.0 = Debug|Any CPU
		{D2E91F42-BBA9-4535-84CD-E86DDFEAE586}.Release|Any CPU.ActiveCfg = Release|Any CPU
		{D2E91F42-BBA9-4535-84CD-E86DDFEAE586}.Release|Any CPU.Build.0 = Release|Any CPU
	EndGlobalSection
	GlobalSection(SolutionProperties) = preSolution
		HideSolutionNode = FALSE
	EndGlobalSection
	GlobalSection(ExtensibilityGlobals) = postSolution
		SolutionGuid = {818C2646-6BD7-4C53-9548-FD6801654AB4}
	EndGlobalSection
EndGlobal
