
Microsoft Visual Studio Solution File, Format Version 12.00
# Visual Studio Version 16
VisualStudioVersion = 16.0.31019.35
MinimumVisualStudioVersion = 10.0.40219.1
Project("{FAE04EC0-301F-11D3-BF4B-00C04F79EFBC}") = "Names", "Names\Names.csproj", "{5C40C2AA-49F4-4667-BDA5-8BDE53A8ADB8}"
EndProject
Project("{FAE04EC0-301F-11D3-BF4B-00C04F79EFBC}") = "CheckStudents", "CheckStudents\CheckStudents.csproj", "{C257EE47-6DFC-4341-90EE-860F73B59FDF}"
EndProject
Project("{FAE04EC0-301F-11D3-BF4B-00C04F79EFBC}") = "OrderStudents", "GroupStudents\OrderStudents.csproj", "{9BCA99DA-2701-433D-9BA4-8D8BFF9CD0AD}"
EndProject
Global
	GlobalSection(SolutionConfigurationPlatforms) = preSolution
		Debug|Any CPU = Debug|Any CPU
		Release|Any CPU = Release|Any CPU
	EndGlobalSection
	GlobalSection(ProjectConfigurationPlatforms) = postSolution
		{5C40C2AA-49F4-4667-BDA5-8BDE53A8ADB8}.Debug|Any CPU.ActiveCfg = Debug|Any CPU
		{5C40C2AA-49F4-4667-BDA5-8BDE53A8ADB8}.Debug|Any CPU.Build.0 = Debug|Any CPU
		{5C40C2AA-49F4-4667-BDA5-8BDE53A8ADB8}.Release|Any CPU.ActiveCfg = Release|Any CPU
		{5C40C2AA-49F4-4667-BDA5-8BDE53A8ADB8}.Release|Any CPU.Build.0 = Release|Any CPU
		{C257EE47-6DFC-4341-90EE-860F73B59FDF}.Debug|Any CPU.ActiveCfg = Debug|Any CPU
		{C257EE47-6DFC-4341-90EE-860F73B59FDF}.Debug|Any CPU.Build.0 = Debug|Any CPU
		{C257EE47-6DFC-4341-90EE-860F73B59FDF}.Release|Any CPU.ActiveCfg = Release|Any CPU
		{C257EE47-6DFC-4341-90EE-860F73B59FDF}.Release|Any CPU.Build.0 = Release|Any CPU
		{9BCA99DA-2701-433D-9BA4-8D8BFF9CD0AD}.Debug|Any CPU.ActiveCfg = Debug|Any CPU
		{9BCA99DA-2701-433D-9BA4-8D8BFF9CD0AD}.Debug|Any CPU.Build.0 = Debug|Any CPU
		{9BCA99DA-2701-433D-9BA4-8D8BFF9CD0AD}.Release|Any CPU.ActiveCfg = Release|Any CPU
		{9BCA99DA-2701-433D-9BA4-8D8BFF9CD0AD}.Release|Any CPU.Build.0 = Release|Any CPU
	EndGlobalSection
	GlobalSection(SolutionProperties) = preSolution
		HideSolutionNode = FALSE
	EndGlobalSection
	GlobalSection(ExtensibilityGlobals) = postSolution
		SolutionGuid = {73F4FC92-67D4-4B50-81DA-3E0DFB214951}
	EndGlobalSection
EndGlobal
