
Microsoft Visual Studio Solution File, Format Version 12.00
# Visual Studio Version 16
VisualStudioVersion = 16.0.31129.286
MinimumVisualStudioVersion = 10.0.40219.1
Project("{FAE04EC0-301F-11D3-BF4B-00C04F79EFBC}") = "01.Numbers1To100", "01.Numbers1To100\01.Numbers1To100.csproj", "{81164ECB-605B-4DD6-9701-2650E1715CAA}"
EndProject
Project("{FAE04EC0-301F-11D3-BF4B-00C04F79EFBC}") = "02.NumbersNTo1", "02.NumbersNTo1\02.NumbersNTo1.csproj", "{D4DA4A3A-9DBF-4F0E-8558-02F62C2EF264}"
EndProject
Project("{FAE04EC0-301F-11D3-BF4B-00C04F79EFBC}") = "03.NumbersWithStep 3", "03.NumbersWithStep 3\03.NumbersWithStep 3.csproj", "{A8FB458A-92CF-4680-8F73-FC44B8056579}"
EndProject
Project("{FAE04EC0-301F-11D3-BF4B-00C04F79EFBC}") = "04.EvenPowersOf2", "04.EvenPowersOf2\04.EvenPowersOf2.csproj", "{64D41FC3-D650-4E75-AC18-E806B17DF105}"
EndProject
Project("{FAE04EC0-301F-11D3-BF4B-00C04F79EFBC}") = "05.CharacterSequence", "05.CharacterSequence\05.CharacterSequence.csproj", "{FF284695-B4D5-4FB1-84FF-22E8635595D1}"
EndProject
Project("{FAE04EC0-301F-11D3-BF4B-00C04F79EFBC}") = "06.VowelsSum", "06.VowelsSum\06.VowelsSum.csproj", "{F368A8BC-85B6-4AF8-8616-E4EDC2FCBAE4}"
EndProject
Project("{FAE04EC0-301F-11D3-BF4B-00C04F79EFBC}") = "07.SumNumbers", "07.SumNumbers\07.SumNumbers.csproj", "{97C90948-D290-435C-A685-99BDAD230DA3}"
EndProject
Project("{FAE04EC0-301F-11D3-BF4B-00C04F79EFBC}") = "08.NumberSequence", "08.NumberSequence\08.NumberSequence.csproj", "{36B02CC7-788B-4FF4-BEF7-1CFD73F191C4}"
EndProject
Project("{FAE04EC0-301F-11D3-BF4B-00C04F79EFBC}") = "09.LeftRightSum", "09.LeftRightSum\09.LeftRightSum.csproj", "{24E78926-A0E8-441D-9CC9-F9CEA69A0AA1}"
EndProject
Project("{FAE04EC0-301F-11D3-BF4B-00C04F79EFBC}") = "10.OddEvenSum", "10.OddEvenSum\10.OddEvenSum.csproj", "{3F705B37-EA60-461F-AFD4-C6A556564448}"
EndProject
Project("{FAE04EC0-301F-11D3-BF4B-00C04F79EFBC}") = "11.CleverLily", "11.CleverLily\11.CleverLily.csproj", "{B38EFB21-DC91-4F9C-95B0-5EAD955A9327}"
EndProject
Project("{FAE04EC0-301F-11D3-BF4B-00C04F79EFBC}") = "28.NumbersEndingIn7", "28.NumbersEndingIn7\28.NumbersEndingIn7.csproj", "{6C5E5C4E-38FA-4E5C-938F-7C2F7752B6FF}"
EndProject
Project("{FAE04EC0-301F-11D3-BF4B-00C04F79EFBC}") = "29.HalfSumElement", "29.HalfSumElement\29.HalfSumElement.csproj", "{A89556EA-5197-4D68-BCFC-E1A445AFC3E7}"
EndProject
Project("{FAE04EC0-301F-11D3-BF4B-00C04F79EFBC}") = "30.OddEvenPosition", "30.OddEvenPosition\30.OddEvenPosition.csproj", "{E7F11B9F-ED78-4CE4-8224-1B24640D98E8}"
EndProject
Project("{FAE04EC0-301F-11D3-BF4B-00C04F79EFBC}") = "31.Histogram", "31.Histogram\31.Histogram.csproj", "{6B2A4FB8-648B-4A74-AEAD-6CD54F7BDE53}"
EndProject
Project("{FAE04EC0-301F-11D3-BF4B-00C04F79EFBC}") = "32.DivideWithoutRemainder", "32.DivideWithoutRemainder\32.DivideWithoutRemainder.csproj", "{73D6F1EB-125C-4097-8D6D-6D839B1FB616}"
EndProject
Project("{FAE04EC0-301F-11D3-BF4B-00C04F79EFBC}") = "33.Salary", "33.Salary\33.Salary.csproj", "{584B4878-20B9-4018-AC68-7162103AC8EC}"
EndProject
Project("{FAE04EC0-301F-11D3-BF4B-00C04F79EFBC}") = "12.ReadText", "12.ReadText\12.ReadText.csproj", "{A259BCE1-4B42-47C4-81F6-8EC17B380F6F}"
EndProject
Project("{FAE04EC0-301F-11D3-BF4B-00C04F79EFBC}") = "13.Password", "13.Password\13.Password.csproj", "{CACD2F66-8ED5-4989-991A-BA5E6E5A850E}"
EndProject
Project("{FAE04EC0-301F-11D3-BF4B-00C04F79EFBC}") = "14.SumNumbers", "14.SumNumbers\14.SumNumbers.csproj", "{26454B15-00DC-4FEE-957F-47D532908655}"
EndProject
Project("{FAE04EC0-301F-11D3-BF4B-00C04F79EFBC}") = "15.Sequence2k+1", "15.Sequence2k+1\15.Sequence2k+1.csproj", "{52C2F9C1-D5E7-4453-83B3-95A3D09E94A3}"
EndProject
Project("{FAE04EC0-301F-11D3-BF4B-00C04F79EFBC}") = "16.AccountBalance", "16.AccountBalance\16.AccountBalance.csproj", "{5A055941-E2B2-45AF-90E6-69C0D0D5380D}"
EndProject
Project("{FAE04EC0-301F-11D3-BF4B-00C04F79EFBC}") = "17.MaxNumber", "17.MaxNumber\17.MaxNumber.csproj", "{FBD55689-A523-44DB-B679-DDC7BEE5187A}"
EndProject
Project("{FAE04EC0-301F-11D3-BF4B-00C04F79EFBC}") = "18.MinNumber", "18.MinNumber\18.MinNumber.csproj", "{EDA44C49-2490-4636-943D-93A3B4A6A520}"
EndProject
Project("{FAE04EC0-301F-11D3-BF4B-00C04F79EFBC}") = "19.Graduation", "19.Graduation\19.Graduation.csproj", "{F27F7F10-71EB-47E9-B15D-8412725B2685}"
EndProject
Project("{FAE04EC0-301F-11D3-BF4B-00C04F79EFBC}") = "20.Moving", "20.Moving\20.Moving.csproj", "{3FF469BF-C281-4EDE-8206-7CB62982869E}"
EndProject
Project("{FAE04EC0-301F-11D3-BF4B-00C04F79EFBC}") = "34.OldBooks", "34.OldBooks\34.OldBooks.csproj", "{9B99BA5D-9AE3-42AF-A1D6-9F364D1F8831}"
EndProject
Project("{FAE04EC0-301F-11D3-BF4B-00C04F79EFBC}") = "35.ExamPreparation", "35.ExamPreparation\35.ExamPreparation.csproj", "{CDC4EBE1-7953-4452-ADB8-A781A608ACFB}"
EndProject
Project("{FAE04EC0-301F-11D3-BF4B-00C04F79EFBC}") = "36.Vacation", "36.Vacation\36.Vacation.csproj", "{9DDDAB10-70D7-4B0C-B4CF-3C5751B793DF}"
EndProject
Project("{FAE04EC0-301F-11D3-BF4B-00C04F79EFBC}") = "37.Walking", "37.Walking\37.Walking.csproj", "{EF69E83B-ABBA-4414-BCB8-CF534B5AB068}"
EndProject
Project("{FAE04EC0-301F-11D3-BF4B-00C04F79EFBC}") = "38.Coins", "38.Coins\38.Coins.csproj", "{BC4861E5-29FC-40DA-A8A3-142F542A8E92}"
EndProject
Project("{FAE04EC0-301F-11D3-BF4B-00C04F79EFBC}") = "39.Cake", "39.Cake\39.Cake.csproj", "{C78ECD95-6DCB-409A-A51F-A4F4D4AC1485}"
EndProject
Project("{FAE04EC0-301F-11D3-BF4B-00C04F79EFBC}") = "21.Clock", "21.Clock\21.Clock.csproj", "{C515956C-B914-4CAC-A3A3-0B0CD9EDFA1A}"
EndProject
Project("{FAE04EC0-301F-11D3-BF4B-00C04F79EFBC}") = "22.MultiplicationTable", "22.MultiplicationTable\22.MultiplicationTable.csproj", "{69480FD1-B89F-4F9B-AF00-13D361396DF5}"
EndProject
Project("{FAE04EC0-301F-11D3-BF4B-00C04F79EFBC}") = "23.Combinations", "23.Combinations\23.Combinations.csproj", "{C77A6736-7DAF-4D73-A7C1-54D2706500FB}"
EndProject
Project("{FAE04EC0-301F-11D3-BF4B-00C04F79EFBC}") = "24.SumOfTwoNumbers", "24.SumOfTwoNumbers\24.SumOfTwoNumbers.csproj", "{7AF94E48-48EB-4512-B60D-9C8EEA4F9A50}"
EndProject
Project("{FAE04EC0-301F-11D3-BF4B-00C04F79EFBC}") = "25.Travelling", "25.Travelling\25.Travelling.csproj", "{9F86B6BA-A520-4540-9CD6-2E951F50C0B3}"
EndProject
Project("{FAE04EC0-301F-11D3-BF4B-00C04F79EFBC}") = "26.Building", "26.Building\26.Building.csproj", "{C6A26B89-0439-4CFE-8D51-29D12FF51F57}"
EndProject
Project("{FAE04EC0-301F-11D3-BF4B-00C04F79EFBC}") = "27.CinemaTickets", "27.CinemaTickets\27.CinemaTickets.csproj", "{2DA606CA-1CDB-4D40-8F77-83026A6EA521}"
EndProject
Project("{FAE04EC0-301F-11D3-BF4B-00C04F79EFBC}") = "40.NumberPyramid", "40.NumberPyramid\40.NumberPyramid.csproj", "{4C02F5A7-7B29-40ED-BB99-07206150BA0A}"
EndProject
Project("{FAE04EC0-301F-11D3-BF4B-00C04F79EFBC}") = "41.EqualSumsEvenOddPosition", "41.EqualSumsEvenOddPosition\41.EqualSumsEvenOddPosition.csproj", "{AC570AD7-4C88-4568-A2F7-E74FC5F07686}"
EndProject
Project("{FAE04EC0-301F-11D3-BF4B-00C04F79EFBC}") = "42.SumPrimeNonPrime", "42.SumPrimeNonPrime\42.SumPrimeNonPrime.csproj", "{7E3C847C-E7BB-415E-B902-1B3C8EE76291}"
EndProject
Project("{FAE04EC0-301F-11D3-BF4B-00C04F79EFBC}") = "43.TrainTheTrainers", "43.TrainTheTrainers\43.TrainTheTrainers.csproj", "{195C2A13-F644-46F6-8C06-50CC4BCE57FD}"
EndProject
Project("{FAE04EC0-301F-11D3-BF4B-00C04F79EFBC}") = "44.PasswordGenerator", "44.PasswordGenerator\44.PasswordGenerator.csproj", "{B5F54A4E-F861-4DFD-B4AC-4C99DAB2A932}"
EndProject
Project("{FAE04EC0-301F-11D3-BF4B-00C04F79EFBC}") = "45.SpecialNumbers", "45.SpecialNumbers\45.SpecialNumbers.csproj", "{5A87061A-BEB7-42E2-B681-F306BDB981F2}"
EndProject
Global
	GlobalSection(SolutionConfigurationPlatforms) = preSolution
		Debug|Any CPU = Debug|Any CPU
		Release|Any CPU = Release|Any CPU
	EndGlobalSection
	GlobalSection(ProjectConfigurationPlatforms) = postSolution
		{81164ECB-605B-4DD6-9701-2650E1715CAA}.Debug|Any CPU.ActiveCfg = Debug|Any CPU
		{81164ECB-605B-4DD6-9701-2650E1715CAA}.Debug|Any CPU.Build.0 = Debug|Any CPU
		{81164ECB-605B-4DD6-9701-2650E1715CAA}.Release|Any CPU.ActiveCfg = Release|Any CPU
		{81164ECB-605B-4DD6-9701-2650E1715CAA}.Release|Any CPU.Build.0 = Release|Any CPU
		{D4DA4A3A-9DBF-4F0E-8558-02F62C2EF264}.Debug|Any CPU.ActiveCfg = Debug|Any CPU
		{D4DA4A3A-9DBF-4F0E-8558-02F62C2EF264}.Debug|Any CPU.Build.0 = Debug|Any CPU
		{D4DA4A3A-9DBF-4F0E-8558-02F62C2EF264}.Release|Any CPU.ActiveCfg = Release|Any CPU
		{D4DA4A3A-9DBF-4F0E-8558-02F62C2EF264}.Release|Any CPU.Build.0 = Release|Any CPU
		{A8FB458A-92CF-4680-8F73-FC44B8056579}.Debug|Any CPU.ActiveCfg = Debug|Any CPU
		{A8FB458A-92CF-4680-8F73-FC44B8056579}.Debug|Any CPU.Build.0 = Debug|Any CPU
		{A8FB458A-92CF-4680-8F73-FC44B8056579}.Release|Any CPU.ActiveCfg = Release|Any CPU
		{A8FB458A-92CF-4680-8F73-FC44B8056579}.Release|Any CPU.Build.0 = Release|Any CPU
		{64D41FC3-D650-4E75-AC18-E806B17DF105}.Debug|Any CPU.ActiveCfg = Debug|Any CPU
		{64D41FC3-D650-4E75-AC18-E806B17DF105}.Debug|Any CPU.Build.0 = Debug|Any CPU
		{64D41FC3-D650-4E75-AC18-E806B17DF105}.Release|Any CPU.ActiveCfg = Release|Any CPU
		{64D41FC3-D650-4E75-AC18-E806B17DF105}.Release|Any CPU.Build.0 = Release|Any CPU
		{FF284695-B4D5-4FB1-84FF-22E8635595D1}.Debug|Any CPU.ActiveCfg = Debug|Any CPU
		{FF284695-B4D5-4FB1-84FF-22E8635595D1}.Debug|Any CPU.Build.0 = Debug|Any CPU
		{FF284695-B4D5-4FB1-84FF-22E8635595D1}.Release|Any CPU.ActiveCfg = Release|Any CPU
		{FF284695-B4D5-4FB1-84FF-22E8635595D1}.Release|Any CPU.Build.0 = Release|Any CPU
		{F368A8BC-85B6-4AF8-8616-E4EDC2FCBAE4}.Debug|Any CPU.ActiveCfg = Debug|Any CPU
		{F368A8BC-85B6-4AF8-8616-E4EDC2FCBAE4}.Debug|Any CPU.Build.0 = Debug|Any CPU
		{F368A8BC-85B6-4AF8-8616-E4EDC2FCBAE4}.Release|Any CPU.ActiveCfg = Release|Any CPU
		{F368A8BC-85B6-4AF8-8616-E4EDC2FCBAE4}.Release|Any CPU.Build.0 = Release|Any CPU
		{97C90948-D290-435C-A685-99BDAD230DA3}.Debug|Any CPU.ActiveCfg = Debug|Any CPU
		{97C90948-D290-435C-A685-99BDAD230DA3}.Debug|Any CPU.Build.0 = Debug|Any CPU
		{97C90948-D290-435C-A685-99BDAD230DA3}.Release|Any CPU.ActiveCfg = Release|Any CPU
		{97C90948-D290-435C-A685-99BDAD230DA3}.Release|Any CPU.Build.0 = Release|Any CPU
		{36B02CC7-788B-4FF4-BEF7-1CFD73F191C4}.Debug|Any CPU.ActiveCfg = Debug|Any CPU
		{36B02CC7-788B-4FF4-BEF7-1CFD73F191C4}.Debug|Any CPU.Build.0 = Debug|Any CPU
		{36B02CC7-788B-4FF4-BEF7-1CFD73F191C4}.Release|Any CPU.ActiveCfg = Release|Any CPU
		{36B02CC7-788B-4FF4-BEF7-1CFD73F191C4}.Release|Any CPU.Build.0 = Release|Any CPU
		{24E78926-A0E8-441D-9CC9-F9CEA69A0AA1}.Debug|Any CPU.ActiveCfg = Debug|Any CPU
		{24E78926-A0E8-441D-9CC9-F9CEA69A0AA1}.Debug|Any CPU.Build.0 = Debug|Any CPU
		{24E78926-A0E8-441D-9CC9-F9CEA69A0AA1}.Release|Any CPU.ActiveCfg = Release|Any CPU
		{24E78926-A0E8-441D-9CC9-F9CEA69A0AA1}.Release|Any CPU.Build.0 = Release|Any CPU
		{3F705B37-EA60-461F-AFD4-C6A556564448}.Debug|Any CPU.ActiveCfg = Debug|Any CPU
		{3F705B37-EA60-461F-AFD4-C6A556564448}.Debug|Any CPU.Build.0 = Debug|Any CPU
		{3F705B37-EA60-461F-AFD4-C6A556564448}.Release|Any CPU.ActiveCfg = Release|Any CPU
		{3F705B37-EA60-461F-AFD4-C6A556564448}.Release|Any CPU.Build.0 = Release|Any CPU
		{B38EFB21-DC91-4F9C-95B0-5EAD955A9327}.Debug|Any CPU.ActiveCfg = Debug|Any CPU
		{B38EFB21-DC91-4F9C-95B0-5EAD955A9327}.Debug|Any CPU.Build.0 = Debug|Any CPU
		{B38EFB21-DC91-4F9C-95B0-5EAD955A9327}.Release|Any CPU.ActiveCfg = Release|Any CPU
		{B38EFB21-DC91-4F9C-95B0-5EAD955A9327}.Release|Any CPU.Build.0 = Release|Any CPU
		{6C5E5C4E-38FA-4E5C-938F-7C2F7752B6FF}.Debug|Any CPU.ActiveCfg = Debug|Any CPU
		{6C5E5C4E-38FA-4E5C-938F-7C2F7752B6FF}.Debug|Any CPU.Build.0 = Debug|Any CPU
		{6C5E5C4E-38FA-4E5C-938F-7C2F7752B6FF}.Release|Any CPU.ActiveCfg = Release|Any CPU
		{6C5E5C4E-38FA-4E5C-938F-7C2F7752B6FF}.Release|Any CPU.Build.0 = Release|Any CPU
		{A89556EA-5197-4D68-BCFC-E1A445AFC3E7}.Debug|Any CPU.ActiveCfg = Debug|Any CPU
		{A89556EA-5197-4D68-BCFC-E1A445AFC3E7}.Debug|Any CPU.Build.0 = Debug|Any CPU
		{A89556EA-5197-4D68-BCFC-E1A445AFC3E7}.Release|Any CPU.ActiveCfg = Release|Any CPU
		{A89556EA-5197-4D68-BCFC-E1A445AFC3E7}.Release|Any CPU.Build.0 = Release|Any CPU
		{E7F11B9F-ED78-4CE4-8224-1B24640D98E8}.Debug|Any CPU.ActiveCfg = Debug|Any CPU
		{E7F11B9F-ED78-4CE4-8224-1B24640D98E8}.Debug|Any CPU.Build.0 = Debug|Any CPU
		{E7F11B9F-ED78-4CE4-8224-1B24640D98E8}.Release|Any CPU.ActiveCfg = Release|Any CPU
		{E7F11B9F-ED78-4CE4-8224-1B24640D98E8}.Release|Any CPU.Build.0 = Release|Any CPU
		{6B2A4FB8-648B-4A74-AEAD-6CD54F7BDE53}.Debug|Any CPU.ActiveCfg = Debug|Any CPU
		{6B2A4FB8-648B-4A74-AEAD-6CD54F7BDE53}.Debug|Any CPU.Build.0 = Debug|Any CPU
		{6B2A4FB8-648B-4A74-AEAD-6CD54F7BDE53}.Release|Any CPU.ActiveCfg = Release|Any CPU
		{6B2A4FB8-648B-4A74-AEAD-6CD54F7BDE53}.Release|Any CPU.Build.0 = Release|Any CPU
		{73D6F1EB-125C-4097-8D6D-6D839B1FB616}.Debug|Any CPU.ActiveCfg = Debug|Any CPU
		{73D6F1EB-125C-4097-8D6D-6D839B1FB616}.Debug|Any CPU.Build.0 = Debug|Any CPU
		{73D6F1EB-125C-4097-8D6D-6D839B1FB616}.Release|Any CPU.ActiveCfg = Release|Any CPU
		{73D6F1EB-125C-4097-8D6D-6D839B1FB616}.Release|Any CPU.Build.0 = Release|Any CPU
		{584B4878-20B9-4018-AC68-7162103AC8EC}.Debug|Any CPU.ActiveCfg = Debug|Any CPU
		{584B4878-20B9-4018-AC68-7162103AC8EC}.Debug|Any CPU.Build.0 = Debug|Any CPU
		{584B4878-20B9-4018-AC68-7162103AC8EC}.Release|Any CPU.ActiveCfg = Release|Any CPU
		{584B4878-20B9-4018-AC68-7162103AC8EC}.Release|Any CPU.Build.0 = Release|Any CPU
		{A259BCE1-4B42-47C4-81F6-8EC17B380F6F}.Debug|Any CPU.ActiveCfg = Debug|Any CPU
		{A259BCE1-4B42-47C4-81F6-8EC17B380F6F}.Debug|Any CPU.Build.0 = Debug|Any CPU
		{A259BCE1-4B42-47C4-81F6-8EC17B380F6F}.Release|Any CPU.ActiveCfg = Release|Any CPU
		{A259BCE1-4B42-47C4-81F6-8EC17B380F6F}.Release|Any CPU.Build.0 = Release|Any CPU
		{CACD2F66-8ED5-4989-991A-BA5E6E5A850E}.Debug|Any CPU.ActiveCfg = Debug|Any CPU
		{CACD2F66-8ED5-4989-991A-BA5E6E5A850E}.Debug|Any CPU.Build.0 = Debug|Any CPU
		{CACD2F66-8ED5-4989-991A-BA5E6E5A850E}.Release|Any CPU.ActiveCfg = Release|Any CPU
		{CACD2F66-8ED5-4989-991A-BA5E6E5A850E}.Release|Any CPU.Build.0 = Release|Any CPU
		{26454B15-00DC-4FEE-957F-47D532908655}.Debug|Any CPU.ActiveCfg = Debug|Any CPU
		{26454B15-00DC-4FEE-957F-47D532908655}.Debug|Any CPU.Build.0 = Debug|Any CPU
		{26454B15-00DC-4FEE-957F-47D532908655}.Release|Any CPU.ActiveCfg = Release|Any CPU
		{26454B15-00DC-4FEE-957F-47D532908655}.Release|Any CPU.Build.0 = Release|Any CPU
		{52C2F9C1-D5E7-4453-83B3-95A3D09E94A3}.Debug|Any CPU.ActiveCfg = Debug|Any CPU
		{52C2F9C1-D5E7-4453-83B3-95A3D09E94A3}.Debug|Any CPU.Build.0 = Debug|Any CPU
		{52C2F9C1-D5E7-4453-83B3-95A3D09E94A3}.Release|Any CPU.ActiveCfg = Release|Any CPU
		{52C2F9C1-D5E7-4453-83B3-95A3D09E94A3}.Release|Any CPU.Build.0 = Release|Any CPU
		{5A055941-E2B2-45AF-90E6-69C0D0D5380D}.Debug|Any CPU.ActiveCfg = Debug|Any CPU
		{5A055941-E2B2-45AF-90E6-69C0D0D5380D}.Debug|Any CPU.Build.0 = Debug|Any CPU
		{5A055941-E2B2-45AF-90E6-69C0D0D5380D}.Release|Any CPU.ActiveCfg = Release|Any CPU
		{5A055941-E2B2-45AF-90E6-69C0D0D5380D}.Release|Any CPU.Build.0 = Release|Any CPU
		{FBD55689-A523-44DB-B679-DDC7BEE5187A}.Debug|Any CPU.ActiveCfg = Debug|Any CPU
		{FBD55689-A523-44DB-B679-DDC7BEE5187A}.Debug|Any CPU.Build.0 = Debug|Any CPU
		{FBD55689-A523-44DB-B679-DDC7BEE5187A}.Release|Any CPU.ActiveCfg = Release|Any CPU
		{FBD55689-A523-44DB-B679-DDC7BEE5187A}.Release|Any CPU.Build.0 = Release|Any CPU
		{EDA44C49-2490-4636-943D-93A3B4A6A520}.Debug|Any CPU.ActiveCfg = Debug|Any CPU
		{EDA44C49-2490-4636-943D-93A3B4A6A520}.Debug|Any CPU.Build.0 = Debug|Any CPU
		{EDA44C49-2490-4636-943D-93A3B4A6A520}.Release|Any CPU.ActiveCfg = Release|Any CPU
		{EDA44C49-2490-4636-943D-93A3B4A6A520}.Release|Any CPU.Build.0 = Release|Any CPU
		{F27F7F10-71EB-47E9-B15D-8412725B2685}.Debug|Any CPU.ActiveCfg = Debug|Any CPU
		{F27F7F10-71EB-47E9-B15D-8412725B2685}.Debug|Any CPU.Build.0 = Debug|Any CPU
		{F27F7F10-71EB-47E9-B15D-8412725B2685}.Release|Any CPU.ActiveCfg = Release|Any CPU
		{F27F7F10-71EB-47E9-B15D-8412725B2685}.Release|Any CPU.Build.0 = Release|Any CPU
		{3FF469BF-C281-4EDE-8206-7CB62982869E}.Debug|Any CPU.ActiveCfg = Debug|Any CPU
		{3FF469BF-C281-4EDE-8206-7CB62982869E}.Debug|Any CPU.Build.0 = Debug|Any CPU
		{3FF469BF-C281-4EDE-8206-7CB62982869E}.Release|Any CPU.ActiveCfg = Release|Any CPU
		{3FF469BF-C281-4EDE-8206-7CB62982869E}.Release|Any CPU.Build.0 = Release|Any CPU
		{9B99BA5D-9AE3-42AF-A1D6-9F364D1F8831}.Debug|Any CPU.ActiveCfg = Debug|Any CPU
		{9B99BA5D-9AE3-42AF-A1D6-9F364D1F8831}.Debug|Any CPU.Build.0 = Debug|Any CPU
		{9B99BA5D-9AE3-42AF-A1D6-9F364D1F8831}.Release|Any CPU.ActiveCfg = Release|Any CPU
		{9B99BA5D-9AE3-42AF-A1D6-9F364D1F8831}.Release|Any CPU.Build.0 = Release|Any CPU
		{CDC4EBE1-7953-4452-ADB8-A781A608ACFB}.Debug|Any CPU.ActiveCfg = Debug|Any CPU
		{CDC4EBE1-7953-4452-ADB8-A781A608ACFB}.Debug|Any CPU.Build.0 = Debug|Any CPU
		{CDC4EBE1-7953-4452-ADB8-A781A608ACFB}.Release|Any CPU.ActiveCfg = Release|Any CPU
		{CDC4EBE1-7953-4452-ADB8-A781A608ACFB}.Release|Any CPU.Build.0 = Release|Any CPU
		{9DDDAB10-70D7-4B0C-B4CF-3C5751B793DF}.Debug|Any CPU.ActiveCfg = Debug|Any CPU
		{9DDDAB10-70D7-4B0C-B4CF-3C5751B793DF}.Debug|Any CPU.Build.0 = Debug|Any CPU
		{9DDDAB10-70D7-4B0C-B4CF-3C5751B793DF}.Release|Any CPU.ActiveCfg = Release|Any CPU
		{9DDDAB10-70D7-4B0C-B4CF-3C5751B793DF}.Release|Any CPU.Build.0 = Release|Any CPU
		{EF69E83B-ABBA-4414-BCB8-CF534B5AB068}.Debug|Any CPU.ActiveCfg = Debug|Any CPU
		{EF69E83B-ABBA-4414-BCB8-CF534B5AB068}.Debug|Any CPU.Build.0 = Debug|Any CPU
		{EF69E83B-ABBA-4414-BCB8-CF534B5AB068}.Release|Any CPU.ActiveCfg = Release|Any CPU
		{EF69E83B-ABBA-4414-BCB8-CF534B5AB068}.Release|Any CPU.Build.0 = Release|Any CPU
		{BC4861E5-29FC-40DA-A8A3-142F542A8E92}.Debug|Any CPU.ActiveCfg = Debug|Any CPU
		{BC4861E5-29FC-40DA-A8A3-142F542A8E92}.Debug|Any CPU.Build.0 = Debug|Any CPU
		{BC4861E5-29FC-40DA-A8A3-142F542A8E92}.Release|Any CPU.ActiveCfg = Release|Any CPU
		{BC4861E5-29FC-40DA-A8A3-142F542A8E92}.Release|Any CPU.Build.0 = Release|Any CPU
		{C78ECD95-6DCB-409A-A51F-A4F4D4AC1485}.Debug|Any CPU.ActiveCfg = Debug|Any CPU
		{C78ECD95-6DCB-409A-A51F-A4F4D4AC1485}.Debug|Any CPU.Build.0 = Debug|Any CPU
		{C78ECD95-6DCB-409A-A51F-A4F4D4AC1485}.Release|Any CPU.ActiveCfg = Release|Any CPU
		{C78ECD95-6DCB-409A-A51F-A4F4D4AC1485}.Release|Any CPU.Build.0 = Release|Any CPU
		{C515956C-B914-4CAC-A3A3-0B0CD9EDFA1A}.Debug|Any CPU.ActiveCfg = Debug|Any CPU
		{C515956C-B914-4CAC-A3A3-0B0CD9EDFA1A}.Debug|Any CPU.Build.0 = Debug|Any CPU
		{C515956C-B914-4CAC-A3A3-0B0CD9EDFA1A}.Release|Any CPU.ActiveCfg = Release|Any CPU
		{C515956C-B914-4CAC-A3A3-0B0CD9EDFA1A}.Release|Any CPU.Build.0 = Release|Any CPU
		{69480FD1-B89F-4F9B-AF00-13D361396DF5}.Debug|Any CPU.ActiveCfg = Debug|Any CPU
		{69480FD1-B89F-4F9B-AF00-13D361396DF5}.Debug|Any CPU.Build.0 = Debug|Any CPU
		{69480FD1-B89F-4F9B-AF00-13D361396DF5}.Release|Any CPU.ActiveCfg = Release|Any CPU
		{69480FD1-B89F-4F9B-AF00-13D361396DF5}.Release|Any CPU.Build.0 = Release|Any CPU
		{C77A6736-7DAF-4D73-A7C1-54D2706500FB}.Debug|Any CPU.ActiveCfg = Debug|Any CPU
		{C77A6736-7DAF-4D73-A7C1-54D2706500FB}.Debug|Any CPU.Build.0 = Debug|Any CPU
		{C77A6736-7DAF-4D73-A7C1-54D2706500FB}.Release|Any CPU.ActiveCfg = Release|Any CPU
		{C77A6736-7DAF-4D73-A7C1-54D2706500FB}.Release|Any CPU.Build.0 = Release|Any CPU
		{7AF94E48-48EB-4512-B60D-9C8EEA4F9A50}.Debug|Any CPU.ActiveCfg = Debug|Any CPU
		{7AF94E48-48EB-4512-B60D-9C8EEA4F9A50}.Debug|Any CPU.Build.0 = Debug|Any CPU
		{7AF94E48-48EB-4512-B60D-9C8EEA4F9A50}.Release|Any CPU.ActiveCfg = Release|Any CPU
		{7AF94E48-48EB-4512-B60D-9C8EEA4F9A50}.Release|Any CPU.Build.0 = Release|Any CPU
		{9F86B6BA-A520-4540-9CD6-2E951F50C0B3}.Debug|Any CPU.ActiveCfg = Debug|Any CPU
		{9F86B6BA-A520-4540-9CD6-2E951F50C0B3}.Debug|Any CPU.Build.0 = Debug|Any CPU
		{9F86B6BA-A520-4540-9CD6-2E951F50C0B3}.Release|Any CPU.ActiveCfg = Release|Any CPU
		{9F86B6BA-A520-4540-9CD6-2E951F50C0B3}.Release|Any CPU.Build.0 = Release|Any CPU
		{C6A26B89-0439-4CFE-8D51-29D12FF51F57}.Debug|Any CPU.ActiveCfg = Debug|Any CPU
		{C6A26B89-0439-4CFE-8D51-29D12FF51F57}.Debug|Any CPU.Build.0 = Debug|Any CPU
		{C6A26B89-0439-4CFE-8D51-29D12FF51F57}.Release|Any CPU.ActiveCfg = Release|Any CPU
		{C6A26B89-0439-4CFE-8D51-29D12FF51F57}.Release|Any CPU.Build.0 = Release|Any CPU
		{2DA606CA-1CDB-4D40-8F77-83026A6EA521}.Debug|Any CPU.ActiveCfg = Debug|Any CPU
		{2DA606CA-1CDB-4D40-8F77-83026A6EA521}.Debug|Any CPU.Build.0 = Debug|Any CPU
		{2DA606CA-1CDB-4D40-8F77-83026A6EA521}.Release|Any CPU.ActiveCfg = Release|Any CPU
		{2DA606CA-1CDB-4D40-8F77-83026A6EA521}.Release|Any CPU.Build.0 = Release|Any CPU
		{4C02F5A7-7B29-40ED-BB99-07206150BA0A}.Debug|Any CPU.ActiveCfg = Debug|Any CPU
		{4C02F5A7-7B29-40ED-BB99-07206150BA0A}.Debug|Any CPU.Build.0 = Debug|Any CPU
		{4C02F5A7-7B29-40ED-BB99-07206150BA0A}.Release|Any CPU.ActiveCfg = Release|Any CPU
		{4C02F5A7-7B29-40ED-BB99-07206150BA0A}.Release|Any CPU.Build.0 = Release|Any CPU
		{AC570AD7-4C88-4568-A2F7-E74FC5F07686}.Debug|Any CPU.ActiveCfg = Debug|Any CPU
		{AC570AD7-4C88-4568-A2F7-E74FC5F07686}.Debug|Any CPU.Build.0 = Debug|Any CPU
		{AC570AD7-4C88-4568-A2F7-E74FC5F07686}.Release|Any CPU.ActiveCfg = Release|Any CPU
		{AC570AD7-4C88-4568-A2F7-E74FC5F07686}.Release|Any CPU.Build.0 = Release|Any CPU
		{7E3C847C-E7BB-415E-B902-1B3C8EE76291}.Debug|Any CPU.ActiveCfg = Debug|Any CPU
		{7E3C847C-E7BB-415E-B902-1B3C8EE76291}.Debug|Any CPU.Build.0 = Debug|Any CPU
		{7E3C847C-E7BB-415E-B902-1B3C8EE76291}.Release|Any CPU.ActiveCfg = Release|Any CPU
		{7E3C847C-E7BB-415E-B902-1B3C8EE76291}.Release|Any CPU.Build.0 = Release|Any CPU
		{195C2A13-F644-46F6-8C06-50CC4BCE57FD}.Debug|Any CPU.ActiveCfg = Debug|Any CPU
		{195C2A13-F644-46F6-8C06-50CC4BCE57FD}.Debug|Any CPU.Build.0 = Debug|Any CPU
		{195C2A13-F644-46F6-8C06-50CC4BCE57FD}.Release|Any CPU.ActiveCfg = Release|Any CPU
		{195C2A13-F644-46F6-8C06-50CC4BCE57FD}.Release|Any CPU.Build.0 = Release|Any CPU
		{B5F54A4E-F861-4DFD-B4AC-4C99DAB2A932}.Debug|Any CPU.ActiveCfg = Debug|Any CPU
		{B5F54A4E-F861-4DFD-B4AC-4C99DAB2A932}.Debug|Any CPU.Build.0 = Debug|Any CPU
		{B5F54A4E-F861-4DFD-B4AC-4C99DAB2A932}.Release|Any CPU.ActiveCfg = Release|Any CPU
		{B5F54A4E-F861-4DFD-B4AC-4C99DAB2A932}.Release|Any CPU.Build.0 = Release|Any CPU
		{5A87061A-BEB7-42E2-B681-F306BDB981F2}.Debug|Any CPU.ActiveCfg = Debug|Any CPU
		{5A87061A-BEB7-42E2-B681-F306BDB981F2}.Debug|Any CPU.Build.0 = Debug|Any CPU
		{5A87061A-BEB7-42E2-B681-F306BDB981F2}.Release|Any CPU.ActiveCfg = Release|Any CPU
		{5A87061A-BEB7-42E2-B681-F306BDB981F2}.Release|Any CPU.Build.0 = Release|Any CPU
	EndGlobalSection
	GlobalSection(SolutionProperties) = preSolution
		HideSolutionNode = FALSE
	EndGlobalSection
	GlobalSection(ExtensibilityGlobals) = postSolution
		SolutionGuid = {B3CFACF2-77B6-4D96-BDB1-34BDB7307224}
	EndGlobalSection
EndGlobal
