
Microsoft Visual Studio Solution File, Format Version 12.00
# Visual Studio Version 16
VisualStudioVersion = 16.0.30804.86
MinimumVisualStudioVersion = 10.0.40219.1
Project("{FAE04EC0-301F-11D3-BF4B-00C04F79EFBC}") = "ImplementArrayList", "ImplementArrayList\ImplementArrayList.csproj", "{2B8650FC-65BE-4F15-8D73-591CE487A5A1}"
EndProject
Global
	GlobalSection(SolutionConfigurationPlatforms) = preSolution
		Debug|Any CPU = Debug|Any CPU
		Release|Any CPU = Release|Any CPU
	EndGlobalSection
	GlobalSection(ProjectConfigurationPlatforms) = postSolution
		{2B8650FC-65BE-4F15-8D73-591CE487A5A1}.Debug|Any CPU.ActiveCfg = Debug|Any CPU
		{2B8650FC-65BE-4F15-8D73-591CE487A5A1}.Debug|Any CPU.Build.0 = Debug|Any CPU
		{2B8650FC-65BE-4F15-8D73-591CE487A5A1}.Release|Any CPU.ActiveCfg = Release|Any CPU
		{2B8650FC-65BE-4F15-8D73-591CE487A5A1}.Release|Any CPU.Build.0 = Release|Any CPU
	EndGlobalSection
	GlobalSection(SolutionProperties) = preSolution
		HideSolutionNode = FALSE
	EndGlobalSection
	GlobalSection(ExtensibilityGlobals) = postSolution
		SolutionGuid = {D6530990-B600-421A-AAFD-58047EF2F452}
	EndGlobalSection
EndGlobal
