
Microsoft Visual Studio Solution File, Format Version 12.00
# Visual Studio Version 16
VisualStudioVersion = 16.0.30907.101
MinimumVisualStudioVersion = 10.0.40219.1
Project("{9A19103F-16F7-4668-BE54-9A1E7A4F7556}") = "BFS-Traverse-Folders", "BFS-Traverse-Folders\BFS-Traverse-Folders.csproj", "{480F6FF1-2725-4860-90F2-A62F96AE94B7}"
EndProject
Project("{9A19103F-16F7-4668-BE54-9A1E7A4F7556}") = "DFS-Traverse-Folders-Files", "DFS-Traverse-Folders-Files\DFS-Traverse-Folders-Files.csproj", "{49A300D0-E1FC-4E27-9034-87181019FF44}"
EndProject
Project("{9A19103F-16F7-4668-BE54-9A1E7A4F7556}") = "Build-Tree", "Build-Tree\Build-Tree.csproj", "{F9BF5CDA-451D-4B7C-A88E-7055D60B055F}"
EndProject
Project("{9A19103F-16F7-4668-BE54-9A1E7A4F7556}") = "Build-Tree-2", "Build-Tree-2\Build-Tree-2.csproj", "{82C7D338-EB25-48C1-ADCF-375C7887BF26}"
EndProject
Project("{FAE04EC0-301F-11D3-BF4B-00C04F79EFBC}") = "DFS-Traverse-Folders", "DFS-Traverse-Folders\DFS-Traverse-Folders.csproj", "{9CE560D1-FBEC-4A32-B83F-EC73F27C78D0}"
EndProject
Global
	GlobalSection(SolutionConfigurationPlatforms) = preSolution
		Debug|Any CPU = Debug|Any CPU
		Release|Any CPU = Release|Any CPU
	EndGlobalSection
	GlobalSection(ProjectConfigurationPlatforms) = postSolution
		{480F6FF1-2725-4860-90F2-A62F96AE94B7}.Debug|Any CPU.ActiveCfg = Debug|Any CPU
		{480F6FF1-2725-4860-90F2-A62F96AE94B7}.Debug|Any CPU.Build.0 = Debug|Any CPU
		{480F6FF1-2725-4860-90F2-A62F96AE94B7}.Release|Any CPU.ActiveCfg = Release|Any CPU
		{480F6FF1-2725-4860-90F2-A62F96AE94B7}.Release|Any CPU.Build.0 = Release|Any CPU
		{49A300D0-E1FC-4E27-9034-87181019FF44}.Debug|Any CPU.ActiveCfg = Debug|Any CPU
		{49A300D0-E1FC-4E27-9034-87181019FF44}.Debug|Any CPU.Build.0 = Debug|Any CPU
		{49A300D0-E1FC-4E27-9034-87181019FF44}.Release|Any CPU.ActiveCfg = Release|Any CPU
		{49A300D0-E1FC-4E27-9034-87181019FF44}.Release|Any CPU.Build.0 = Release|Any CPU
		{F9BF5CDA-451D-4B7C-A88E-7055D60B055F}.Debug|Any CPU.ActiveCfg = Debug|Any CPU
		{F9BF5CDA-451D-4B7C-A88E-7055D60B055F}.Debug|Any CPU.Build.0 = Debug|Any CPU
		{F9BF5CDA-451D-4B7C-A88E-7055D60B055F}.Release|Any CPU.ActiveCfg = Release|Any CPU
		{F9BF5CDA-451D-4B7C-A88E-7055D60B055F}.Release|Any CPU.Build.0 = Release|Any CPU
		{82C7D338-EB25-48C1-ADCF-375C7887BF26}.Debug|Any CPU.ActiveCfg = Debug|Any CPU
		{82C7D338-EB25-48C1-ADCF-375C7887BF26}.Debug|Any CPU.Build.0 = Debug|Any CPU
		{82C7D338-EB25-48C1-ADCF-375C7887BF26}.Release|Any CPU.ActiveCfg = Release|Any CPU
		{82C7D338-EB25-48C1-ADCF-375C7887BF26}.Release|Any CPU.Build.0 = Release|Any CPU
		{9CE560D1-FBEC-4A32-B83F-EC73F27C78D0}.Debug|Any CPU.ActiveCfg = Debug|Any CPU
		{9CE560D1-FBEC-4A32-B83F-EC73F27C78D0}.Debug|Any CPU.Build.0 = Debug|Any CPU
		{9CE560D1-FBEC-4A32-B83F-EC73F27C78D0}.Release|Any CPU.ActiveCfg = Release|Any CPU
		{9CE560D1-FBEC-4A32-B83F-EC73F27C78D0}.Release|Any CPU.Build.0 = Release|Any CPU
	EndGlobalSection
	GlobalSection(SolutionProperties) = preSolution
		HideSolutionNode = FALSE
	EndGlobalSection
	GlobalSection(ExtensibilityGlobals) = postSolution
		SolutionGuid = {9C4CCB3B-A18C-4409-931D-4E740B2EF116}
	EndGlobalSection
EndGlobal
