
Microsoft Visual Studio Solution File, Format Version 12.00
# Visual Studio Version 16
VisualStudioVersion = 16.0.31129.286
MinimumVisualStudioVersion = 10.0.40219.1
Project("{FAE04EC0-301F-11D3-BF4B-00C04F79EFBC}") = "01.ExcellentResult", "01.ExcellentResult\01.ExcellentResult.csproj", "{EA05ECAE-5E4E-4EFD-8A44-B7928593253B}"
EndProject
Project("{FAE04EC0-301F-11D3-BF4B-00C04F79EFBC}") = "02.GreaterNumber", "02.GreaterNumber\02.GreaterNumber.csproj", "{657AB424-6177-4EC2-970C-25D614EFC7AE}"
EndProject
Project("{FAE04EC0-301F-11D3-BF4B-00C04F79EFBC}") = "03.EvenOrOdd", "03.EvenOrOdd\03.EvenOrOdd.csproj", "{EE4100B9-E9EE-461D-AC28-43836B0409CF}"
EndProject
Project("{FAE04EC0-301F-11D3-BF4B-00C04F79EFBC}") = "04.Number100To200", "04.Number100To200\04.Number100To200.csproj", "{92E9B6B4-9DD0-457B-A77D-76D11700A863}"
EndProject
Project("{FAE04EC0-301F-11D3-BF4B-00C04F79EFBC}") = "05.PasswordGuess", "05.PasswordGuess\05.PasswordGuess.csproj", "{EE02E5BC-6F2D-4419-AD50-87FE0E03BEC8}"
EndProject
Project("{FAE04EC0-301F-11D3-BF4B-00C04F79EFBC}") = "06.AreaOfFigures", "06.AreaOfFigures\06.AreaOfFigures.csproj", "{57E65540-6035-483A-9A42-1FC8F12AA73D}"
EndProject
Project("{FAE04EC0-301F-11D3-BF4B-00C04F79EFBC}") = "19.ToyShop", "19.ToyShop\19.ToyShop.csproj", "{266031C9-E21E-48E2-B679-5C513FE81A45}"
EndProject
Project("{FAE04EC0-301F-11D3-BF4B-00C04F79EFBC}") = "21.SumSeconds", "21.SumSeconds\21.SumSeconds.csproj", "{1C169DD4-2ACF-4238-9102-E96D2317027B}"
EndProject
Project("{FAE04EC0-301F-11D3-BF4B-00C04F79EFBC}") = "22.BonusScore", "22.BonusScore\22.BonusScore.csproj", "{C8C54283-7E20-4A79-9CBC-7DF6BB5D8862}"
EndProject
Project("{FAE04EC0-301F-11D3-BF4B-00C04F79EFBC}") = "23.SpeedInfo", "23.SpeedInfo\23.SpeedInfo.csproj", "{F215FACB-1500-422D-8DDE-82D2679A3C41}"
EndProject
Project("{FAE04EC0-301F-11D3-BF4B-00C04F79EFBC}") = "24.MetricConverter", "24.MetricConverter\24.MetricConverter.csproj", "{BA146EE1-C7CB-4CA4-BD9C-6806D24B8544}"
EndProject
Project("{FAE04EC0-301F-11D3-BF4B-00C04F79EFBC}") = "25.Time15Minutes", "25.Time15Minutes\25.Time15Minutes.csproj", "{2C96A790-1268-4902-996D-08B9D34066BB}"
EndProject
Project("{FAE04EC0-301F-11D3-BF4B-00C04F79EFBC}") = "26.GodzillaVSKong", "26.GodzillaVSKong\26.GodzillaVSKong.csproj", "{D50ACFB7-AABD-4774-A80F-108546B188B9}"
EndProject
Project("{FAE04EC0-301F-11D3-BF4B-00C04F79EFBC}") = "27.WorldSwimmingRecord", "27.WorldSwimmingRecord\27.WorldSwimmingRecord.csproj", "{837348A1-2B59-4CF5-AEAB-9C3EF2E08C4B}"
EndProject
Project("{FAE04EC0-301F-11D3-BF4B-00C04F79EFBC}") = "28.Scholarship", "28.Scholarship\28.Scholarship.csproj", "{976BA522-B108-4A54-BB61-73C79E92382F}"
EndProject
Project("{FAE04EC0-301F-11D3-BF4B-00C04F79EFBC}") = "07.DayOfWeek", "07.DayOfWeek\07.DayOfWeek.csproj", "{A2D2AD19-F62C-4C3F-896F-57B28173E8FD}"
EndProject
Project("{FAE04EC0-301F-11D3-BF4B-00C04F79EFBC}") = "08.WeekendOrWorkingDay", "08.WeekendOrWorkingDay\08.WeekendOrWorkingDay.csproj", "{05657F4D-6D0C-4587-8D6B-EC25BCB08191}"
EndProject
Project("{FAE04EC0-301F-11D3-BF4B-00C04F79EFBC}") = "09.AnimalType", "09.AnimalType\09.AnimalType.csproj", "{3C8B8C1E-2F74-4D54-8631-6B9FBB51E883}"
EndProject
Project("{FAE04EC0-301F-11D3-BF4B-00C04F79EFBC}") = "10.PersonalTitles", "10.PersonalTitles\10.PersonalTitles.csproj", "{B615917E-8658-4B89-A5AC-1E213A3AC7F3}"
EndProject
Project("{FAE04EC0-301F-11D3-BF4B-00C04F79EFBC}") = "11.SmallShop", "11.SmallShop\11.SmallShop.csproj", "{247526CD-0C5D-44BF-B2EB-B1B3C548F869}"
EndProject
Project("{FAE04EC0-301F-11D3-BF4B-00C04F79EFBC}") = "12.NumberInRange", "12.NumberInRange\12.NumberInRange.csproj", "{95DC8C02-3E72-47E5-8CCC-3B4CAD30DC0A}"
EndProject
Project("{FAE04EC0-301F-11D3-BF4B-00C04F79EFBC}") = "13.WorkingHours", "13.WorkingHours\13.WorkingHours.csproj", "{0510656D-C897-4BC2-9F0E-C5234155229D}"
EndProject
Project("{FAE04EC0-301F-11D3-BF4B-00C04F79EFBC}") = "14.CinemaTicket", "14.CinemaTicket\14.CinemaTicket.csproj", "{429B34F2-7814-4707-8587-775E5EB994D6}"
EndProject
Project("{FAE04EC0-301F-11D3-BF4B-00C04F79EFBC}") = "15.FruitOrVegetable", "15.FruitOrVegetable\15.FruitOrVegetable.csproj", "{E90B46B7-F746-4ED9-BF35-74D93EA0B58D}"
EndProject
Project("{FAE04EC0-301F-11D3-BF4B-00C04F79EFBC}") = "16.InvalidNumber", "16.InvalidNumber\16.InvalidNumber.csproj", "{AD8A22C6-4D30-404B-9879-2F01D68A5E18}"
EndProject
Project("{FAE04EC0-301F-11D3-BF4B-00C04F79EFBC}") = "17.FruitShop", "17.FruitShop\17.FruitShop.csproj", "{2883F49E-3818-47BA-AD09-8B9EF3382128}"
EndProject
Project("{FAE04EC0-301F-11D3-BF4B-00C04F79EFBC}") = "18.TradeCommissions", "18.TradeCommissions\18.TradeCommissions.csproj", "{90770D95-332B-4455-AF7A-3C850C6916D0}"
EndProject
Project("{FAE04EC0-301F-11D3-BF4B-00C04F79EFBC}") = "20.SkiTrip", "20.SkiTrip\20.SkiTrip.csproj", "{7EA2955C-1F34-4268-A3B6-F1A5ED35523D}"
EndProject
Project("{FAE04EC0-301F-11D3-BF4B-00C04F79EFBC}") = "29.Cinema", "29.Cinema\29.Cinema.csproj", "{0C8B1AFD-0630-4A91-9802-1FB620BAFB83}"
EndProject
Project("{FAE04EC0-301F-11D3-BF4B-00C04F79EFBC}") = "30.SummerOutfit", "30.SummerOutfit\30.SummerOutfit.csproj", "{E8072F6D-A7F5-4638-904D-81BBDA8BD82F}"
EndProject
Project("{FAE04EC0-301F-11D3-BF4B-00C04F79EFBC}") = "31.NewHouse", "31.NewHouse\31.NewHouse.csproj", "{D392AD13-14EA-4DD5-B730-88C144ECEBD4}"
EndProject
Project("{FAE04EC0-301F-11D3-BF4B-00C04F79EFBC}") = "32.FishingBoat", "32.FishingBoat\32.FishingBoat.csproj", "{8F290A85-6F97-42C6-A4CA-6AEE4D888FDC}"
EndProject
Project("{FAE04EC0-301F-11D3-BF4B-00C04F79EFBC}") = "33.Journey", "33.Journey\33.Journey.csproj", "{F0205484-C462-4207-BD97-2BC043AD78F8}"
EndProject
Project("{FAE04EC0-301F-11D3-BF4B-00C04F79EFBC}") = "34.OperationsBetweenNumbers", "34.OperationsBetweenNumbers\34.OperationsBetweenNumbers.csproj", "{08067CEC-2185-4D7A-A98A-ED39E92005A0}"
EndProject
Project("{FAE04EC0-301F-11D3-BF4B-00C04F79EFBC}") = "35.HotelRoom", "35.HotelRoom\35.HotelRoom.csproj", "{03701B1A-9927-4C6F-8854-35BAC8857CCD}"
EndProject
Project("{FAE04EC0-301F-11D3-BF4B-00C04F79EFBC}") = "36.OnTimeForExam", "36.OnTimeForExam\36.OnTimeForExam.csproj", "{282F9756-C14E-42D3-8708-6E43153CD860}"
EndProject
Project("{FAE04EC0-301F-11D3-BF4B-00C04F79EFBC}") = "37.Volleyball", "37.Volleyball\37.Volleyball.csproj", "{E88DCA25-4554-4E62-A8C2-6E3258EAAD09}"
EndProject
Global
	GlobalSection(SolutionConfigurationPlatforms) = preSolution
		Debug|Any CPU = Debug|Any CPU
		Release|Any CPU = Release|Any CPU
	EndGlobalSection
	GlobalSection(ProjectConfigurationPlatforms) = postSolution
		{EA05ECAE-5E4E-4EFD-8A44-B7928593253B}.Debug|Any CPU.ActiveCfg = Debug|Any CPU
		{EA05ECAE-5E4E-4EFD-8A44-B7928593253B}.Debug|Any CPU.Build.0 = Debug|Any CPU
		{EA05ECAE-5E4E-4EFD-8A44-B7928593253B}.Release|Any CPU.ActiveCfg = Release|Any CPU
		{EA05ECAE-5E4E-4EFD-8A44-B7928593253B}.Release|Any CPU.Build.0 = Release|Any CPU
		{657AB424-6177-4EC2-970C-25D614EFC7AE}.Debug|Any CPU.ActiveCfg = Debug|Any CPU
		{657AB424-6177-4EC2-970C-25D614EFC7AE}.Debug|Any CPU.Build.0 = Debug|Any CPU
		{657AB424-6177-4EC2-970C-25D614EFC7AE}.Release|Any CPU.ActiveCfg = Release|Any CPU
		{657AB424-6177-4EC2-970C-25D614EFC7AE}.Release|Any CPU.Build.0 = Release|Any CPU
		{EE4100B9-E9EE-461D-AC28-43836B0409CF}.Debug|Any CPU.ActiveCfg = Debug|Any CPU
		{EE4100B9-E9EE-461D-AC28-43836B0409CF}.Debug|Any CPU.Build.0 = Debug|Any CPU
		{EE4100B9-E9EE-461D-AC28-43836B0409CF}.Release|Any CPU.ActiveCfg = Release|Any CPU
		{EE4100B9-E9EE-461D-AC28-43836B0409CF}.Release|Any CPU.Build.0 = Release|Any CPU
		{92E9B6B4-9DD0-457B-A77D-76D11700A863}.Debug|Any CPU.ActiveCfg = Debug|Any CPU
		{92E9B6B4-9DD0-457B-A77D-76D11700A863}.Debug|Any CPU.Build.0 = Debug|Any CPU
		{92E9B6B4-9DD0-457B-A77D-76D11700A863}.Release|Any CPU.ActiveCfg = Release|Any CPU
		{92E9B6B4-9DD0-457B-A77D-76D11700A863}.Release|Any CPU.Build.0 = Release|Any CPU
		{EE02E5BC-6F2D-4419-AD50-87FE0E03BEC8}.Debug|Any CPU.ActiveCfg = Debug|Any CPU
		{EE02E5BC-6F2D-4419-AD50-87FE0E03BEC8}.Debug|Any CPU.Build.0 = Debug|Any CPU
		{EE02E5BC-6F2D-4419-AD50-87FE0E03BEC8}.Release|Any CPU.ActiveCfg = Release|Any CPU
		{EE02E5BC-6F2D-4419-AD50-87FE0E03BEC8}.Release|Any CPU.Build.0 = Release|Any CPU
		{57E65540-6035-483A-9A42-1FC8F12AA73D}.Debug|Any CPU.ActiveCfg = Debug|Any CPU
		{57E65540-6035-483A-9A42-1FC8F12AA73D}.Debug|Any CPU.Build.0 = Debug|Any CPU
		{57E65540-6035-483A-9A42-1FC8F12AA73D}.Release|Any CPU.ActiveCfg = Release|Any CPU
		{57E65540-6035-483A-9A42-1FC8F12AA73D}.Release|Any CPU.Build.0 = Release|Any CPU
		{266031C9-E21E-48E2-B679-5C513FE81A45}.Debug|Any CPU.ActiveCfg = Debug|Any CPU
		{266031C9-E21E-48E2-B679-5C513FE81A45}.Debug|Any CPU.Build.0 = Debug|Any CPU
		{266031C9-E21E-48E2-B679-5C513FE81A45}.Release|Any CPU.ActiveCfg = Release|Any CPU
		{266031C9-E21E-48E2-B679-5C513FE81A45}.Release|Any CPU.Build.0 = Release|Any CPU
		{1C169DD4-2ACF-4238-9102-E96D2317027B}.Debug|Any CPU.ActiveCfg = Debug|Any CPU
		{1C169DD4-2ACF-4238-9102-E96D2317027B}.Debug|Any CPU.Build.0 = Debug|Any CPU
		{1C169DD4-2ACF-4238-9102-E96D2317027B}.Release|Any CPU.ActiveCfg = Release|Any CPU
		{1C169DD4-2ACF-4238-9102-E96D2317027B}.Release|Any CPU.Build.0 = Release|Any CPU
		{C8C54283-7E20-4A79-9CBC-7DF6BB5D8862}.Debug|Any CPU.ActiveCfg = Debug|Any CPU
		{C8C54283-7E20-4A79-9CBC-7DF6BB5D8862}.Debug|Any CPU.Build.0 = Debug|Any CPU
		{C8C54283-7E20-4A79-9CBC-7DF6BB5D8862}.Release|Any CPU.ActiveCfg = Release|Any CPU
		{C8C54283-7E20-4A79-9CBC-7DF6BB5D8862}.Release|Any CPU.Build.0 = Release|Any CPU
		{F215FACB-1500-422D-8DDE-82D2679A3C41}.Debug|Any CPU.ActiveCfg = Debug|Any CPU
		{F215FACB-1500-422D-8DDE-82D2679A3C41}.Debug|Any CPU.Build.0 = Debug|Any CPU
		{F215FACB-1500-422D-8DDE-82D2679A3C41}.Release|Any CPU.ActiveCfg = Release|Any CPU
		{F215FACB-1500-422D-8DDE-82D2679A3C41}.Release|Any CPU.Build.0 = Release|Any CPU
		{BA146EE1-C7CB-4CA4-BD9C-6806D24B8544}.Debug|Any CPU.ActiveCfg = Debug|Any CPU
		{BA146EE1-C7CB-4CA4-BD9C-6806D24B8544}.Debug|Any CPU.Build.0 = Debug|Any CPU
		{BA146EE1-C7CB-4CA4-BD9C-6806D24B8544}.Release|Any CPU.ActiveCfg = Release|Any CPU
		{BA146EE1-C7CB-4CA4-BD9C-6806D24B8544}.Release|Any CPU.Build.0 = Release|Any CPU
		{2C96A790-1268-4902-996D-08B9D34066BB}.Debug|Any CPU.ActiveCfg = Debug|Any CPU
		{2C96A790-1268-4902-996D-08B9D34066BB}.Debug|Any CPU.Build.0 = Debug|Any CPU
		{2C96A790-1268-4902-996D-08B9D34066BB}.Release|Any CPU.ActiveCfg = Release|Any CPU
		{2C96A790-1268-4902-996D-08B9D34066BB}.Release|Any CPU.Build.0 = Release|Any CPU
		{D50ACFB7-AABD-4774-A80F-108546B188B9}.Debug|Any CPU.ActiveCfg = Debug|Any CPU
		{D50ACFB7-AABD-4774-A80F-108546B188B9}.Debug|Any CPU.Build.0 = Debug|Any CPU
		{D50ACFB7-AABD-4774-A80F-108546B188B9}.Release|Any CPU.ActiveCfg = Release|Any CPU
		{D50ACFB7-AABD-4774-A80F-108546B188B9}.Release|Any CPU.Build.0 = Release|Any CPU
		{837348A1-2B59-4CF5-AEAB-9C3EF2E08C4B}.Debug|Any CPU.ActiveCfg = Debug|Any CPU
		{837348A1-2B59-4CF5-AEAB-9C3EF2E08C4B}.Debug|Any CPU.Build.0 = Debug|Any CPU
		{837348A1-2B59-4CF5-AEAB-9C3EF2E08C4B}.Release|Any CPU.ActiveCfg = Release|Any CPU
		{837348A1-2B59-4CF5-AEAB-9C3EF2E08C4B}.Release|Any CPU.Build.0 = Release|Any CPU
		{976BA522-B108-4A54-BB61-73C79E92382F}.Debug|Any CPU.ActiveCfg = Debug|Any CPU
		{976BA522-B108-4A54-BB61-73C79E92382F}.Debug|Any CPU.Build.0 = Debug|Any CPU
		{976BA522-B108-4A54-BB61-73C79E92382F}.Release|Any CPU.ActiveCfg = Release|Any CPU
		{976BA522-B108-4A54-BB61-73C79E92382F}.Release|Any CPU.Build.0 = Release|Any CPU
		{A2D2AD19-F62C-4C3F-896F-57B28173E8FD}.Debug|Any CPU.ActiveCfg = Debug|Any CPU
		{A2D2AD19-F62C-4C3F-896F-57B28173E8FD}.Debug|Any CPU.Build.0 = Debug|Any CPU
		{A2D2AD19-F62C-4C3F-896F-57B28173E8FD}.Release|Any CPU.ActiveCfg = Release|Any CPU
		{A2D2AD19-F62C-4C3F-896F-57B28173E8FD}.Release|Any CPU.Build.0 = Release|Any CPU
		{05657F4D-6D0C-4587-8D6B-EC25BCB08191}.Debug|Any CPU.ActiveCfg = Debug|Any CPU
		{05657F4D-6D0C-4587-8D6B-EC25BCB08191}.Debug|Any CPU.Build.0 = Debug|Any CPU
		{05657F4D-6D0C-4587-8D6B-EC25BCB08191}.Release|Any CPU.ActiveCfg = Release|Any CPU
		{05657F4D-6D0C-4587-8D6B-EC25BCB08191}.Release|Any CPU.Build.0 = Release|Any CPU
		{3C8B8C1E-2F74-4D54-8631-6B9FBB51E883}.Debug|Any CPU.ActiveCfg = Debug|Any CPU
		{3C8B8C1E-2F74-4D54-8631-6B9FBB51E883}.Debug|Any CPU.Build.0 = Debug|Any CPU
		{3C8B8C1E-2F74-4D54-8631-6B9FBB51E883}.Release|Any CPU.ActiveCfg = Release|Any CPU
		{3C8B8C1E-2F74-4D54-8631-6B9FBB51E883}.Release|Any CPU.Build.0 = Release|Any CPU
		{B615917E-8658-4B89-A5AC-1E213A3AC7F3}.Debug|Any CPU.ActiveCfg = Debug|Any CPU
		{B615917E-8658-4B89-A5AC-1E213A3AC7F3}.Debug|Any CPU.Build.0 = Debug|Any CPU
		{B615917E-8658-4B89-A5AC-1E213A3AC7F3}.Release|Any CPU.ActiveCfg = Release|Any CPU
		{B615917E-8658-4B89-A5AC-1E213A3AC7F3}.Release|Any CPU.Build.0 = Release|Any CPU
		{247526CD-0C5D-44BF-B2EB-B1B3C548F869}.Debug|Any CPU.ActiveCfg = Debug|Any CPU
		{247526CD-0C5D-44BF-B2EB-B1B3C548F869}.Debug|Any CPU.Build.0 = Debug|Any CPU
		{247526CD-0C5D-44BF-B2EB-B1B3C548F869}.Release|Any CPU.ActiveCfg = Release|Any CPU
		{247526CD-0C5D-44BF-B2EB-B1B3C548F869}.Release|Any CPU.Build.0 = Release|Any CPU
		{95DC8C02-3E72-47E5-8CCC-3B4CAD30DC0A}.Debug|Any CPU.ActiveCfg = Debug|Any CPU
		{95DC8C02-3E72-47E5-8CCC-3B4CAD30DC0A}.Debug|Any CPU.Build.0 = Debug|Any CPU
		{95DC8C02-3E72-47E5-8CCC-3B4CAD30DC0A}.Release|Any CPU.ActiveCfg = Release|Any CPU
		{95DC8C02-3E72-47E5-8CCC-3B4CAD30DC0A}.Release|Any CPU.Build.0 = Release|Any CPU
		{0510656D-C897-4BC2-9F0E-C5234155229D}.Debug|Any CPU.ActiveCfg = Debug|Any CPU
		{0510656D-C897-4BC2-9F0E-C5234155229D}.Debug|Any CPU.Build.0 = Debug|Any CPU
		{0510656D-C897-4BC2-9F0E-C5234155229D}.Release|Any CPU.ActiveCfg = Release|Any CPU
		{0510656D-C897-4BC2-9F0E-C5234155229D}.Release|Any CPU.Build.0 = Release|Any CPU
		{429B34F2-7814-4707-8587-775E5EB994D6}.Debug|Any CPU.ActiveCfg = Debug|Any CPU
		{429B34F2-7814-4707-8587-775E5EB994D6}.Debug|Any CPU.Build.0 = Debug|Any CPU
		{429B34F2-7814-4707-8587-775E5EB994D6}.Release|Any CPU.ActiveCfg = Release|Any CPU
		{429B34F2-7814-4707-8587-775E5EB994D6}.Release|Any CPU.Build.0 = Release|Any CPU
		{E90B46B7-F746-4ED9-BF35-74D93EA0B58D}.Debug|Any CPU.ActiveCfg = Debug|Any CPU
		{E90B46B7-F746-4ED9-BF35-74D93EA0B58D}.Debug|Any CPU.Build.0 = Debug|Any CPU
		{E90B46B7-F746-4ED9-BF35-74D93EA0B58D}.Release|Any CPU.ActiveCfg = Release|Any CPU
		{E90B46B7-F746-4ED9-BF35-74D93EA0B58D}.Release|Any CPU.Build.0 = Release|Any CPU
		{AD8A22C6-4D30-404B-9879-2F01D68A5E18}.Debug|Any CPU.ActiveCfg = Debug|Any CPU
		{AD8A22C6-4D30-404B-9879-2F01D68A5E18}.Debug|Any CPU.Build.0 = Debug|Any CPU
		{AD8A22C6-4D30-404B-9879-2F01D68A5E18}.Release|Any CPU.ActiveCfg = Release|Any CPU
		{AD8A22C6-4D30-404B-9879-2F01D68A5E18}.Release|Any CPU.Build.0 = Release|Any CPU
		{2883F49E-3818-47BA-AD09-8B9EF3382128}.Debug|Any CPU.ActiveCfg = Debug|Any CPU
		{2883F49E-3818-47BA-AD09-8B9EF3382128}.Debug|Any CPU.Build.0 = Debug|Any CPU
		{2883F49E-3818-47BA-AD09-8B9EF3382128}.Release|Any CPU.ActiveCfg = Release|Any CPU
		{2883F49E-3818-47BA-AD09-8B9EF3382128}.Release|Any CPU.Build.0 = Release|Any CPU
		{90770D95-332B-4455-AF7A-3C850C6916D0}.Debug|Any CPU.ActiveCfg = Debug|Any CPU
		{90770D95-332B-4455-AF7A-3C850C6916D0}.Debug|Any CPU.Build.0 = Debug|Any CPU
		{90770D95-332B-4455-AF7A-3C850C6916D0}.Release|Any CPU.ActiveCfg = Release|Any CPU
		{90770D95-332B-4455-AF7A-3C850C6916D0}.Release|Any CPU.Build.0 = Release|Any CPU
		{7EA2955C-1F34-4268-A3B6-F1A5ED35523D}.Debug|Any CPU.ActiveCfg = Debug|Any CPU
		{7EA2955C-1F34-4268-A3B6-F1A5ED35523D}.Debug|Any CPU.Build.0 = Debug|Any CPU
		{7EA2955C-1F34-4268-A3B6-F1A5ED35523D}.Release|Any CPU.ActiveCfg = Release|Any CPU
		{7EA2955C-1F34-4268-A3B6-F1A5ED35523D}.Release|Any CPU.Build.0 = Release|Any CPU
		{0C8B1AFD-0630-4A91-9802-1FB620BAFB83}.Debug|Any CPU.ActiveCfg = Debug|Any CPU
		{0C8B1AFD-0630-4A91-9802-1FB620BAFB83}.Debug|Any CPU.Build.0 = Debug|Any CPU
		{0C8B1AFD-0630-4A91-9802-1FB620BAFB83}.Release|Any CPU.ActiveCfg = Release|Any CPU
		{0C8B1AFD-0630-4A91-9802-1FB620BAFB83}.Release|Any CPU.Build.0 = Release|Any CPU
		{E8072F6D-A7F5-4638-904D-81BBDA8BD82F}.Debug|Any CPU.ActiveCfg = Debug|Any CPU
		{E8072F6D-A7F5-4638-904D-81BBDA8BD82F}.Debug|Any CPU.Build.0 = Debug|Any CPU
		{E8072F6D-A7F5-4638-904D-81BBDA8BD82F}.Release|Any CPU.ActiveCfg = Release|Any CPU
		{E8072F6D-A7F5-4638-904D-81BBDA8BD82F}.Release|Any CPU.Build.0 = Release|Any CPU
		{D392AD13-14EA-4DD5-B730-88C144ECEBD4}.Debug|Any CPU.ActiveCfg = Debug|Any CPU
		{D392AD13-14EA-4DD5-B730-88C144ECEBD4}.Debug|Any CPU.Build.0 = Debug|Any CPU
		{D392AD13-14EA-4DD5-B730-88C144ECEBD4}.Release|Any CPU.ActiveCfg = Release|Any CPU
		{D392AD13-14EA-4DD5-B730-88C144ECEBD4}.Release|Any CPU.Build.0 = Release|Any CPU
		{8F290A85-6F97-42C6-A4CA-6AEE4D888FDC}.Debug|Any CPU.ActiveCfg = Debug|Any CPU
		{8F290A85-6F97-42C6-A4CA-6AEE4D888FDC}.Debug|Any CPU.Build.0 = Debug|Any CPU
		{8F290A85-6F97-42C6-A4CA-6AEE4D888FDC}.Release|Any CPU.ActiveCfg = Release|Any CPU
		{8F290A85-6F97-42C6-A4CA-6AEE4D888FDC}.Release|Any CPU.Build.0 = Release|Any CPU
		{F0205484-C462-4207-BD97-2BC043AD78F8}.Debug|Any CPU.ActiveCfg = Debug|Any CPU
		{F0205484-C462-4207-BD97-2BC043AD78F8}.Debug|Any CPU.Build.0 = Debug|Any CPU
		{F0205484-C462-4207-BD97-2BC043AD78F8}.Release|Any CPU.ActiveCfg = Release|Any CPU
		{F0205484-C462-4207-BD97-2BC043AD78F8}.Release|Any CPU.Build.0 = Release|Any CPU
		{08067CEC-2185-4D7A-A98A-ED39E92005A0}.Debug|Any CPU.ActiveCfg = Debug|Any CPU
		{08067CEC-2185-4D7A-A98A-ED39E92005A0}.Debug|Any CPU.Build.0 = Debug|Any CPU
		{08067CEC-2185-4D7A-A98A-ED39E92005A0}.Release|Any CPU.ActiveCfg = Release|Any CPU
		{08067CEC-2185-4D7A-A98A-ED39E92005A0}.Release|Any CPU.Build.0 = Release|Any CPU
		{03701B1A-9927-4C6F-8854-35BAC8857CCD}.Debug|Any CPU.ActiveCfg = Debug|Any CPU
		{03701B1A-9927-4C6F-8854-35BAC8857CCD}.Debug|Any CPU.Build.0 = Debug|Any CPU
		{03701B1A-9927-4C6F-8854-35BAC8857CCD}.Release|Any CPU.ActiveCfg = Release|Any CPU
		{03701B1A-9927-4C6F-8854-35BAC8857CCD}.Release|Any CPU.Build.0 = Release|Any CPU
		{282F9756-C14E-42D3-8708-6E43153CD860}.Debug|Any CPU.ActiveCfg = Debug|Any CPU
		{282F9756-C14E-42D3-8708-6E43153CD860}.Debug|Any CPU.Build.0 = Debug|Any CPU
		{282F9756-C14E-42D3-8708-6E43153CD860}.Release|Any CPU.ActiveCfg = Release|Any CPU
		{282F9756-C14E-42D3-8708-6E43153CD860}.Release|Any CPU.Build.0 = Release|Any CPU
		{E88DCA25-4554-4E62-A8C2-6E3258EAAD09}.Debug|Any CPU.ActiveCfg = Debug|Any CPU
		{E88DCA25-4554-4E62-A8C2-6E3258EAAD09}.Debug|Any CPU.Build.0 = Debug|Any CPU
		{E88DCA25-4554-4E62-A8C2-6E3258EAAD09}.Release|Any CPU.ActiveCfg = Release|Any CPU
		{E88DCA25-4554-4E62-A8C2-6E3258EAAD09}.Release|Any CPU.Build.0 = Release|Any CPU
	EndGlobalSection
	GlobalSection(SolutionProperties) = preSolution
		HideSolutionNode = FALSE
	EndGlobalSection
	GlobalSection(ExtensibilityGlobals) = postSolution
		SolutionGuid = {69CB76EB-D290-4815-AC7D-70901E650366}
	EndGlobalSection
EndGlobal
