
Microsoft Visual Studio Solution File, Format Version 12.00
# Visual Studio Version 16
VisualStudioVersion = 16.0.30413.136
MinimumVisualStudioVersion = 10.0.40219.1
Project("{FAE04EC0-301F-11D3-BF4B-00C04F79EFBC}") = "OperationsWithStack", "OperationsWithStack\OperationsWithStack.csproj", "{FB7881E3-C284-433D-8AA1-045725141A74}"
EndProject
Project("{FAE04EC0-301F-11D3-BF4B-00C04F79EFBC}") = "Restaurant", "Restaurant\Restaurant.csproj", "{A18B3BF2-CE95-4CB2-BA73-3A81BFC0D584}"
EndProject
Project("{FAE04EC0-301F-11D3-BF4B-00C04F79EFBC}") = "TrafficJam", "TrafficJam\TrafficJam.csproj", "{4D698FB6-CD2D-47A2-B993-4816A1D75216}"
EndProject
Global
	GlobalSection(SolutionConfigurationPlatforms) = preSolution
		Debug|Any CPU = Debug|Any CPU
		Release|Any CPU = Release|Any CPU
	EndGlobalSection
	GlobalSection(ProjectConfigurationPlatforms) = postSolution
		{FB7881E3-C284-433D-8AA1-045725141A74}.Debug|Any CPU.ActiveCfg = Debug|Any CPU
		{FB7881E3-C284-433D-8AA1-045725141A74}.Debug|Any CPU.Build.0 = Debug|Any CPU
		{FB7881E3-C284-433D-8AA1-045725141A74}.Release|Any CPU.ActiveCfg = Release|Any CPU
		{FB7881E3-C284-433D-8AA1-045725141A74}.Release|Any CPU.Build.0 = Release|Any CPU
		{A18B3BF2-CE95-4CB2-BA73-3A81BFC0D584}.Debug|Any CPU.ActiveCfg = Debug|Any CPU
		{A18B3BF2-CE95-4CB2-BA73-3A81BFC0D584}.Debug|Any CPU.Build.0 = Debug|Any CPU
		{A18B3BF2-CE95-4CB2-BA73-3A81BFC0D584}.Release|Any CPU.ActiveCfg = Release|Any CPU
		{A18B3BF2-CE95-4CB2-BA73-3A81BFC0D584}.Release|Any CPU.Build.0 = Release|Any CPU
		{4D698FB6-CD2D-47A2-B993-4816A1D75216}.Debug|Any CPU.ActiveCfg = Debug|Any CPU
		{4D698FB6-CD2D-47A2-B993-4816A1D75216}.Debug|Any CPU.Build.0 = Debug|Any CPU
		{4D698FB6-CD2D-47A2-B993-4816A1D75216}.Release|Any CPU.ActiveCfg = Release|Any CPU
		{4D698FB6-CD2D-47A2-B993-4816A1D75216}.Release|Any CPU.Build.0 = Release|Any CPU
	EndGlobalSection
	GlobalSection(SolutionProperties) = preSolution
		HideSolutionNode = FALSE
	EndGlobalSection
	GlobalSection(ExtensibilityGlobals) = postSolution
		SolutionGuid = {F6435BA7-DE90-4F93-BBAD-805D6AD01AB2}
	EndGlobalSection
EndGlobal
