
Microsoft Visual Studio Solution File, Format Version 12.00
# Visual Studio Version 16
VisualStudioVersion = 25.0.1704.1
MinimumVisualStudioVersion = 10.0.40219.1
Project("{FAE04EC0-301F-11D3-BF4B-00C04F79EFBC}") = "Restaurant", "Restaurant.csproj", "{9FEF0022-D61C-4D9C-90A8-5067F93CE1DE}"
EndProject
Global
	GlobalSection(SolutionConfigurationPlatforms) = preSolution
		Debug|Any CPU = Debug|Any CPU
		Release|Any CPU = Release|Any CPU
	EndGlobalSection
	GlobalSection(ProjectConfigurationPlatforms) = postSolution
		{9FEF0022-D61C-4D9C-90A8-5067F93CE1DE}.Debug|Any CPU.ActiveCfg = Debug|Any CPU
		{9FEF0022-D61C-4D9C-90A8-5067F93CE1DE}.Debug|Any CPU.Build.0 = Debug|Any CPU
		{9FEF0022-D61C-4D9C-90A8-5067F93CE1DE}.Release|Any CPU.ActiveCfg = Release|Any CPU
		{9FEF0022-D61C-4D9C-90A8-5067F93CE1DE}.Release|Any CPU.Build.0 = Release|Any CPU
	EndGlobalSection
	GlobalSection(SolutionProperties) = preSolution
		HideSolutionNode = FALSE
	EndGlobalSection
	GlobalSection(ExtensibilityGlobals) = postSolution
		SolutionGuid = {458180BA-D205-4DA4-8017-B64E4E155FF3}
	EndGlobalSection
EndGlobal
