
Microsoft Visual Studio Solution File, Format Version 12.00
# Visual Studio 15
VisualStudioVersion = 15.0.27004.2009
MinimumVisualStudioVersion = 10.0.40219.1
Project("{9A19103F-16F7-4668-BE54-9A1E7A4F7556}") = "BookShop.Data", "BookShop.Data\BookShop.Data.csproj", "{C16AABB0-E593-48C2-88C3-DA60259F686E}"
EndProject
Project("{9A19103F-16F7-4668-BE54-9A1E7A4F7556}") = "BookShop.Models", "BookShop.Models\BookShop.Models.csproj", "{6FAA4DE1-E418-444D-8D0C-0169BFAD5B66}"
EndProject
Project("{9A19103F-16F7-4668-BE54-9A1E7A4F7556}") = "BookShop", "BookShop\BookShop.csproj", "{5F132287-B09A-484F-8415-03291DBC53BC}"
EndProject
Project("{9A19103F-16F7-4668-BE54-9A1E7A4F7556}") = "BookShop.Initializer", "BookShop.Initializer\BookShop.Initializer.csproj", "{622653A2-1FB8-4F48-B78B-834AE8083AF9}"
EndProject
Global
	GlobalSection(SolutionConfigurationPlatforms) = preSolution
		Debug|Any CPU = Debug|Any CPU
		Release|Any CPU = Release|Any CPU
	EndGlobalSection
	GlobalSection(ProjectConfigurationPlatforms) = postSolution
		{C16AABB0-E593-48C2-88C3-DA60259F686E}.Debug|Any CPU.ActiveCfg = Debug|Any CPU
		{C16AABB0-E593-48C2-88C3-DA60259F686E}.Debug|Any CPU.Build.0 = Debug|Any CPU
		{C16AABB0-E593-48C2-88C3-DA60259F686E}.Release|Any CPU.ActiveCfg = Release|Any CPU
		{C16AABB0-E593-48C2-88C3-DA60259F686E}.Release|Any CPU.Build.0 = Release|Any CPU
		{6FAA4DE1-E418-444D-8D0C-0169BFAD5B66}.Debug|Any CPU.ActiveCfg = Debug|Any CPU
		{6FAA4DE1-E418-444D-8D0C-0169BFAD5B66}.Debug|Any CPU.Build.0 = Debug|Any CPU
		{6FAA4DE1-E418-444D-8D0C-0169BFAD5B66}.Release|Any CPU.ActiveCfg = Release|Any CPU
		{6FAA4DE1-E418-444D-8D0C-0169BFAD5B66}.Release|Any CPU.Build.0 = Release|Any CPU
		{5F132287-B09A-484F-8415-03291DBC53BC}.Debug|Any CPU.ActiveCfg = Debug|Any CPU
		{5F132287-B09A-484F-8415-03291DBC53BC}.Debug|Any CPU.Build.0 = Debug|Any CPU
		{5F132287-B09A-484F-8415-03291DBC53BC}.Release|Any CPU.ActiveCfg = Release|Any CPU
		{5F132287-B09A-484F-8415-03291DBC53BC}.Release|Any CPU.Build.0 = Release|Any CPU
		{622653A2-1FB8-4F48-B78B-834AE8083AF9}.Debug|Any CPU.ActiveCfg = Debug|Any CPU
		{622653A2-1FB8-4F48-B78B-834AE8083AF9}.Debug|Any CPU.Build.0 = Debug|Any CPU
		{622653A2-1FB8-4F48-B78B-834AE8083AF9}.Release|Any CPU.ActiveCfg = Release|Any CPU
		{622653A2-1FB8-4F48-B78B-834AE8083AF9}.Release|Any CPU.Build.0 = Release|Any CPU
	EndGlobalSection
	GlobalSection(SolutionProperties) = preSolution
		HideSolutionNode = FALSE
	EndGlobalSection
	GlobalSection(ExtensibilityGlobals) = postSolution
		SolutionGuid = {F4DCBCA6-1151-4FF1-9C30-AC77C1592910}
	EndGlobalSection
EndGlobal
