
Microsoft Visual Studio Solution File, Format Version 12.00
# Visual Studio Version 16
VisualStudioVersion = 25.0.1704.1
MinimumVisualStudioVersion = 10.0.40219.1
Project("{FAE04EC0-301F-11D3-BF4B-00C04F79EFBC}") = "04.CarEngineAndTires", "04.CarEngineAndTires.csproj", "{367EAC45-CE0D-4BCA-AF74-D57B7AC8C711}"
EndProject
Global
	GlobalSection(SolutionConfigurationPlatforms) = preSolution
		Debug|Any CPU = Debug|Any CPU
		Release|Any CPU = Release|Any CPU
	EndGlobalSection
	GlobalSection(ProjectConfigurationPlatforms) = postSolution
		{367EAC45-CE0D-4BCA-AF74-D57B7AC8C711}.Debug|Any CPU.ActiveCfg = Debug|Any CPU
		{367EAC45-CE0D-4BCA-AF74-D57B7AC8C711}.Debug|Any CPU.Build.0 = Debug|Any CPU
		{367EAC45-CE0D-4BCA-AF74-D57B7AC8C711}.Release|Any CPU.ActiveCfg = Release|Any CPU
		{367EAC45-CE0D-4BCA-AF74-D57B7AC8C711}.Release|Any CPU.Build.0 = Release|Any CPU
	EndGlobalSection
	GlobalSection(SolutionProperties) = preSolution
		HideSolutionNode = FALSE
	EndGlobalSection
	GlobalSection(ExtensibilityGlobals) = postSolution
		SolutionGuid = {0CE1D4E8-948D-4961-8110-7A86B549F147}
	EndGlobalSection
EndGlobal
