
Microsoft Visual Studio Solution File, Format Version 12.00
# Visual Studio Version 16
VisualStudioVersion = 25.0.1704.1
MinimumVisualStudioVersion = 10.0.40219.1
Project("{FAE04EC0-301F-11D3-BF4B-00C04F79EFBC}") = "01.Car", "01.Car.csproj", "{96CE7EFE-4CAC-4911-91F5-DE20B5D02A3F}"
EndProject
Global
	GlobalSection(SolutionConfigurationPlatforms) = preSolution
		Debug|Any CPU = Debug|Any CPU
		Release|Any CPU = Release|Any CPU
	EndGlobalSection
	GlobalSection(ProjectConfigurationPlatforms) = postSolution
		{96CE7EFE-4CAC-4911-91F5-DE20B5D02A3F}.Debug|Any CPU.ActiveCfg = Debug|Any CPU
		{96CE7EFE-4CAC-4911-91F5-DE20B5D02A3F}.Debug|Any CPU.Build.0 = Debug|Any CPU
		{96CE7EFE-4CAC-4911-91F5-DE20B5D02A3F}.Release|Any CPU.ActiveCfg = Release|Any CPU
		{96CE7EFE-4CAC-4911-91F5-DE20B5D02A3F}.Release|Any CPU.Build.0 = Release|Any CPU
	EndGlobalSection
	GlobalSection(SolutionProperties) = preSolution
		HideSolutionNode = FALSE
	EndGlobalSection
	GlobalSection(ExtensibilityGlobals) = postSolution
		SolutionGuid = {5F801F09-B98B-437D-BFF2-0C82206DBCB6}
	EndGlobalSection
EndGlobal
