
Microsoft Visual Studio Solution File, Format Version 12.00
# Visual Studio Version 16
VisualStudioVersion = 25.0.1704.1
MinimumVisualStudioVersion = 10.0.40219.1
Project("{FAE04EC0-301F-11D3-BF4B-00C04F79EFBC}") = "06.Employees", "06.Employees.csproj", "{AF5D4485-9DA2-46B1-BB92-D96910B83B17}"
EndProject
Global
	GlobalSection(SolutionConfigurationPlatforms) = preSolution
		Debug|Any CPU = Debug|Any CPU
		Release|Any CPU = Release|Any CPU
	EndGlobalSection
	GlobalSection(ProjectConfigurationPlatforms) = postSolution
		{AF5D4485-9DA2-46B1-BB92-D96910B83B17}.Debug|Any CPU.ActiveCfg = Debug|Any CPU
		{AF5D4485-9DA2-46B1-BB92-D96910B83B17}.Debug|Any CPU.Build.0 = Debug|Any CPU
		{AF5D4485-9DA2-46B1-BB92-D96910B83B17}.Release|Any CPU.ActiveCfg = Release|Any CPU
		{AF5D4485-9DA2-46B1-BB92-D96910B83B17}.Release|Any CPU.Build.0 = Release|Any CPU
	EndGlobalSection
	GlobalSection(SolutionProperties) = preSolution
		HideSolutionNode = FALSE
	EndGlobalSection
	GlobalSection(ExtensibilityGlobals) = postSolution
		SolutionGuid = {A01C5922-04B8-4100-89E6-29FB282B0017}
	EndGlobalSection
EndGlobal
