
Microsoft Visual Studio Solution File, Format Version 12.00
# Visual Studio Version 16
VisualStudioVersion = 25.0.1704.1
MinimumVisualStudioVersion = 10.0.40219.1
Project("{FAE04EC0-301F-11D3-BF4B-00C04F79EFBC}") = "03.CarConstructors", "03.CarConstructors.csproj", "{88DA9913-7753-48B1-AF43-0AEED3043D99}"
EndProject
Global
	GlobalSection(SolutionConfigurationPlatforms) = preSolution
		Debug|Any CPU = Debug|Any CPU
		Release|Any CPU = Release|Any CPU
	EndGlobalSection
	GlobalSection(ProjectConfigurationPlatforms) = postSolution
		{88DA9913-7753-48B1-AF43-0AEED3043D99}.Debug|Any CPU.ActiveCfg = Debug|Any CPU
		{88DA9913-7753-48B1-AF43-0AEED3043D99}.Debug|Any CPU.Build.0 = Debug|Any CPU
		{88DA9913-7753-48B1-AF43-0AEED3043D99}.Release|Any CPU.ActiveCfg = Release|Any CPU
		{88DA9913-7753-48B1-AF43-0AEED3043D99}.Release|Any CPU.Build.0 = Release|Any CPU
	EndGlobalSection
	GlobalSection(SolutionProperties) = preSolution
		HideSolutionNode = FALSE
	EndGlobalSection
	GlobalSection(ExtensibilityGlobals) = postSolution
		SolutionGuid = {6BF0C6DB-A986-4338-8E1C-77B190C2FB69}
	EndGlobalSection
EndGlobal
